// !$*UTF8*$!
{
	archiveVersion = 1;
	classes = {
	};
	objectVersion = 56;
	objects = {

/* Begin PBXBuildFile section */
		6B27D7502A126B5A0033BB21 /* AppDelegate.swift in Sources */ = {isa = PBXBuildFile; fileRef = 6B27D74F2A126B5A0033BB21 /* AppDelegate.swift */; };
		6B27D7522A126B5A0033BB21 /* SceneDelegate.swift in Sources */ = {isa = PBXBuildFile; fileRef = 6B27D7512A126B5A0033BB21 /* SceneDelegate.swift */; };
		6B27D7542A126B5A0033BB21 /* MainPageViewController.swift in Sources */ = {isa = PBXBuildFile; fileRef = 6B27D7532A126B5A0033BB21 /* MainPageViewController.swift */; };
		6B27D7592A126B5B0033BB21 /* Assets.xcassets in Resources */ = {isa = PBXBuildFile; fileRef = 6B27D7582A126B5B0033BB21 /* Assets.xcassets */; };
		6B27D75C2A126B5B0033BB21 /* LaunchScreen.storyboard in Resources */ = {isa = PBXBuildFile; fileRef = 6B27D75A2A126B5B0033BB21 /* LaunchScreen.storyboard */; };
		6B44E4952A12732A00E9CAF9 /* Pretendard-Bold.ttf in Resources */ = {isa = PBXBuildFile; fileRef = 6B44E4922A12732A00E9CAF9 /* Pretendard-Bold.ttf */; };
		6B44E4962A12732A00E9CAF9 /* Pretendard-ExtraBold.ttf in Resources */ = {isa = PBXBuildFile; fileRef = 6B44E4932A12732A00E9CAF9 /* Pretendard-ExtraBold.ttf */; };
		6B44E4972A12732A00E9CAF9 /* Pretendard-Regular.ttf in Resources */ = {isa = PBXBuildFile; fileRef = 6B44E4942A12732A00E9CAF9 /* Pretendard-Regular.ttf */; };
		6B44E4992A12743400E9CAF9 /* FontLiteral.swift in Sources */ = {isa = PBXBuildFile; fileRef = 6B44E4982A12743400E9CAF9 /* FontLiteral.swift */; };
		6B44E49B2A1296A700E9CAF9 /* ColorLiteral.swift in Sources */ = {isa = PBXBuildFile; fileRef = 6B44E49A2A1296A700E9CAF9 /* ColorLiteral.swift */; };
		6B44E49D2A12A01D00E9CAF9 /* ImageLiteral.swift in Sources */ = {isa = PBXBuildFile; fileRef = 6B44E49C2A12A01D00E9CAF9 /* ImageLiteral.swift */; };
		6B44E49F2A12A72C00E9CAF9 /* UIStackView+.swift in Sources */ = {isa = PBXBuildFile; fileRef = 6B44E49E2A12A72C00E9CAF9 /* UIStackView+.swift */; };
		6B44E4A12A12A75400E9CAF9 /* UIView+.swift in Sources */ = {isa = PBXBuildFile; fileRef = 6B44E4A02A12A75400E9CAF9 /* UIView+.swift */; };
		6B44E4A32A12A86300E9CAF9 /* UILabel+.swift in Sources */ = {isa = PBXBuildFile; fileRef = 6B44E4A22A12A86300E9CAF9 /* UILabel+.swift */; };
		6B44E4A52A12A8EB00E9CAF9 /* UITextField+.swift in Sources */ = {isa = PBXBuildFile; fileRef = 6B44E4A42A12A8EB00E9CAF9 /* UITextField+.swift */; };
		6B44E4AB2A12AACF00E9CAF9 /* SnapKit in Frameworks */ = {isa = PBXBuildFile; productRef = 6B44E4AA2A12AACF00E9CAF9 /* SnapKit */; };
		6B44E4AE2A12AAED00E9CAF9 /* Then in Frameworks */ = {isa = PBXBuildFile; productRef = 6B44E4AD2A12AAED00E9CAF9 /* Then */; };
		6B822EEC2A17A5650080FB7C /* Date.swift in Sources */ = {isa = PBXBuildFile; fileRef = 6B822EEB2A17A5650080FB7C /* Date.swift */; };
		6BAFCD242A136B0D00994100 /* TabBarController.swift in Sources */ = {isa = PBXBuildFile; fileRef = 6BAFCD232A136B0D00994100 /* TabBarController.swift */; };
		6BAFCD2C2A153C1300994100 /* MainPageTopBarView.swift in Sources */ = {isa = PBXBuildFile; fileRef = 6BAFCD2B2A153C1300994100 /* MainPageTopBarView.swift */; };
		6BAFCD2E2A1541CB00994100 /* MainPageRoutineViewController.swift in Sources */ = {isa = PBXBuildFile; fileRef = 6BAFCD2D2A1541CB00994100 /* MainPageRoutineViewController.swift */; };
		6BAFCD302A15438F00994100 /* MainPageRecallViewController.swift in Sources */ = {isa = PBXBuildFile; fileRef = 6BAFCD2F2A15438F00994100 /* MainPageRecallViewController.swift */; };
		6BF052DE2A15570300893084 /* SelectDateView.swift in Sources */ = {isa = PBXBuildFile; fileRef = 6BF052DD2A15570300893084 /* SelectDateView.swift */; };
		6BF052E22A16B09700893084 /* MainPageRoutineTVC.swift in Sources */ = {isa = PBXBuildFile; fileRef = 6BF052E12A16B09700893084 /* MainPageRoutineTVC.swift */; };
		6BF052E92A16BE3400893084 /* Routine.swift in Sources */ = {isa = PBXBuildFile; fileRef = 6BF052E82A16BE3400893084 /* Routine.swift */; };
		6BF052EB2A173A6900893084 /* MainPageRoutineHeaderView.swift in Sources */ = {isa = PBXBuildFile; fileRef = 6BF052EA2A173A6900893084 /* MainPageRoutineHeaderView.swift */; };
		6BF052F12A17631E00893084 /* SelectDateCVC.swift in Sources */ = {isa = PBXBuildFile; fileRef = 6BF052F02A17631E00893084 /* SelectDateCVC.swift */; };
/* End PBXBuildFile section */

/* Begin PBXFileReference section */
		6B27D74C2A126B5A0033BB21 /* MY-SOPT-IN-iOS.app */ = {isa = PBXFileReference; explicitFileType = wrapper.application; includeInIndex = 0; path = "MY-SOPT-IN-iOS.app"; sourceTree = BUILT_PRODUCTS_DIR; };
		6B27D74F2A126B5A0033BB21 /* AppDelegate.swift */ = {isa = PBXFileReference; lastKnownFileType = sourcecode.swift; path = AppDelegate.swift; sourceTree = "<group>"; };
		6B27D7512A126B5A0033BB21 /* SceneDelegate.swift */ = {isa = PBXFileReference; lastKnownFileType = sourcecode.swift; path = SceneDelegate.swift; sourceTree = "<group>"; };
		6B27D7532A126B5A0033BB21 /* MainPageViewController.swift */ = {isa = PBXFileReference; lastKnownFileType = sourcecode.swift; path = MainPageViewController.swift; sourceTree = "<group>"; };
		6B27D7582A126B5B0033BB21 /* Assets.xcassets */ = {isa = PBXFileReference; lastKnownFileType = folder.assetcatalog; path = Assets.xcassets; sourceTree = "<group>"; };
		6B27D75B2A126B5B0033BB21 /* Base */ = {isa = PBXFileReference; lastKnownFileType = file.storyboard; name = Base; path = Base.lproj/LaunchScreen.storyboard; sourceTree = "<group>"; };
		6B27D75D2A126B5B0033BB21 /* Info.plist */ = {isa = PBXFileReference; lastKnownFileType = text.plist.xml; path = Info.plist; sourceTree = "<group>"; };
		6B44E4922A12732A00E9CAF9 /* Pretendard-Bold.ttf */ = {isa = PBXFileReference; lastKnownFileType = file; path = "Pretendard-Bold.ttf"; sourceTree = "<group>"; };
		6B44E4932A12732A00E9CAF9 /* Pretendard-ExtraBold.ttf */ = {isa = PBXFileReference; lastKnownFileType = file; path = "Pretendard-ExtraBold.ttf"; sourceTree = "<group>"; };
		6B44E4942A12732A00E9CAF9 /* Pretendard-Regular.ttf */ = {isa = PBXFileReference; lastKnownFileType = file; path = "Pretendard-Regular.ttf"; sourceTree = "<group>"; };
		6B44E4982A12743400E9CAF9 /* FontLiteral.swift */ = {isa = PBXFileReference; lastKnownFileType = sourcecode.swift; path = FontLiteral.swift; sourceTree = "<group>"; };
		6B44E49A2A1296A700E9CAF9 /* ColorLiteral.swift */ = {isa = PBXFileReference; lastKnownFileType = sourcecode.swift; path = ColorLiteral.swift; sourceTree = "<group>"; };
		6B44E49C2A12A01D00E9CAF9 /* ImageLiteral.swift */ = {isa = PBXFileReference; lastKnownFileType = sourcecode.swift; path = ImageLiteral.swift; sourceTree = "<group>"; };
		6B44E49E2A12A72C00E9CAF9 /* UIStackView+.swift */ = {isa = PBXFileReference; lastKnownFileType = sourcecode.swift; path = "UIStackView+.swift"; sourceTree = "<group>"; };
		6B44E4A02A12A75400E9CAF9 /* UIView+.swift */ = {isa = PBXFileReference; lastKnownFileType = sourcecode.swift; path = "UIView+.swift"; sourceTree = "<group>"; };
		6B44E4A22A12A86300E9CAF9 /* UILabel+.swift */ = {isa = PBXFileReference; lastKnownFileType = sourcecode.swift; path = "UILabel+.swift"; sourceTree = "<group>"; };
		6B44E4A42A12A8EB00E9CAF9 /* UITextField+.swift */ = {isa = PBXFileReference; lastKnownFileType = sourcecode.swift; path = "UITextField+.swift"; sourceTree = "<group>"; };
		6B822EEB2A17A5650080FB7C /* Date.swift */ = {isa = PBXFileReference; lastKnownFileType = sourcecode.swift; path = Date.swift; sourceTree = "<group>"; };
		6BAFCD232A136B0D00994100 /* TabBarController.swift */ = {isa = PBXFileReference; lastKnownFileType = sourcecode.swift; path = TabBarController.swift; sourceTree = "<group>"; };
		6BAFCD2B2A153C1300994100 /* MainPageTopBarView.swift */ = {isa = PBXFileReference; lastKnownFileType = sourcecode.swift; name = MainPageTopBarView.swift; path = "MY-SOPT-IN-iOS/Presentation/MainPage/VC/MainPageTopBarView.swift"; sourceTree = SOURCE_ROOT; };
		6BAFCD2D2A1541CB00994100 /* MainPageRoutineViewController.swift */ = {isa = PBXFileReference; lastKnownFileType = sourcecode.swift; path = MainPageRoutineViewController.swift; sourceTree = "<group>"; };
		6BAFCD2F2A15438F00994100 /* MainPageRecallViewController.swift */ = {isa = PBXFileReference; lastKnownFileType = sourcecode.swift; path = MainPageRecallViewController.swift; sourceTree = "<group>"; };
		6BF052DD2A15570300893084 /* SelectDateView.swift */ = {isa = PBXFileReference; lastKnownFileType = sourcecode.swift; name = SelectDateView.swift; path = "MY-SOPT-IN-iOS/Presentation/MainPage/VC/SelectDateView.swift"; sourceTree = SOURCE_ROOT; };
		6BF052E12A16B09700893084 /* MainPageRoutineTVC.swift */ = {isa = PBXFileReference; lastKnownFileType = sourcecode.swift; name = MainPageRoutineTVC.swift; path = "MY-SOPT-IN-iOS/Presentation/MainPage/VC/MainPageRoutineTVC.swift"; sourceTree = SOURCE_ROOT; };
		6BF052E82A16BE3400893084 /* Routine.swift */ = {isa = PBXFileReference; lastKnownFileType = sourcecode.swift; path = Routine.swift; sourceTree = "<group>"; };
		6BF052EA2A173A6900893084 /* MainPageRoutineHeaderView.swift */ = {isa = PBXFileReference; lastKnownFileType = sourcecode.swift; name = MainPageRoutineHeaderView.swift; path = "MY-SOPT-IN-iOS/Presentation/MainPage/Model/MainPageRoutineHeaderView.swift"; sourceTree = SOURCE_ROOT; };
		6BF052F02A17631E00893084 /* SelectDateCVC.swift */ = {isa = PBXFileReference; lastKnownFileType = sourcecode.swift; name = SelectDateCVC.swift; path = "MY-SOPT-IN-iOS/Global/Extension/SelectDateCVC.swift"; sourceTree = SOURCE_ROOT; };
/* End PBXFileReference section */

/* Begin PBXFrameworksBuildPhase section */
		6B27D7492A126B5A0033BB21 /* Frameworks */ = {
			isa = PBXFrameworksBuildPhase;
			buildActionMask = 2147483647;
			files = (
				6B44E4AB2A12AACF00E9CAF9 /* SnapKit in Frameworks */,
				6B44E4AE2A12AAED00E9CAF9 /* Then in Frameworks */,
			);
			runOnlyForDeploymentPostprocessing = 0;
		};
/* End PBXFrameworksBuildPhase section */

/* Begin PBXGroup section */
		6B27D7432A126B5A0033BB21 = {
			isa = PBXGroup;
			children = (
				6B27D74E2A126B5A0033BB21 /* MY-SOPT-IN-iOS */,
				6B27D74D2A126B5A0033BB21 /* Products */,
			);
			sourceTree = "<group>";
		};
		6B27D74D2A126B5A0033BB21 /* Products */ = {
			isa = PBXGroup;
			children = (
				6B27D74C2A126B5A0033BB21 /* MY-SOPT-IN-iOS.app */,
			);
			name = Products;
			sourceTree = "<group>";
		};
		6B27D74E2A126B5A0033BB21 /* MY-SOPT-IN-iOS */ = {
			isa = PBXGroup;
			children = (
				6B44E4802A126CD800E9CAF9 /* Application */,
				6B44E4812A126D0500E9CAF9 /* Network */,
				6B44E4852A126D3600E9CAF9 /* Global */,
				6B44E48A2A126DA300E9CAF9 /* Presentation */,
				6B27D75D2A126B5B0033BB21 /* Info.plist */,
			);
			path = "MY-SOPT-IN-iOS";
			sourceTree = "<group>";
		};
		6B44E4802A126CD800E9CAF9 /* Application */ = {
			isa = PBXGroup;
			children = (
				6B27D74F2A126B5A0033BB21 /* AppDelegate.swift */,
				6B27D7512A126B5A0033BB21 /* SceneDelegate.swift */,
				6B27D75A2A126B5B0033BB21 /* LaunchScreen.storyboard */,
			);
			path = Application;
			sourceTree = "<group>";
		};
		6B44E4812A126D0500E9CAF9 /* Network */ = {
			isa = PBXGroup;
			children = (
				6B44E4822A126D0D00E9CAF9 /* API */,
				6B44E4832A126D1300E9CAF9 /* Config */,
			);
			path = Network;
			sourceTree = "<group>";
		};
		6B44E4822A126D0D00E9CAF9 /* API */ = {
			isa = PBXGroup;
			children = (
			);
			path = API;
			sourceTree = "<group>";
		};
		6B44E4832A126D1300E9CAF9 /* Config */ = {
			isa = PBXGroup;
			children = (
			);
			path = Config;
			sourceTree = "<group>";
		};
		6B44E4852A126D3600E9CAF9 /* Global */ = {
			isa = PBXGroup;
			children = (
				6B44E48E2A126FCA00E9CAF9 /* Base */,
				6B44E4862A126D4100E9CAF9 /* Extension */,
				6B44E48C2A126E4900E9CAF9 /* Literal */,
				6B44E4872A126D4600E9CAF9 /* Resource */,
				6B44E4882A126D5900E9CAF9 /* Protocol */,
				6B44E48D2A126F8700E9CAF9 /* Utils */,
			);
			path = Global;
			sourceTree = "<group>";
		};
		6B44E4862A126D4100E9CAF9 /* Extension */ = {
			isa = PBXGroup;
			children = (
				6B44E49E2A12A72C00E9CAF9 /* UIStackView+.swift */,
				6B44E4A02A12A75400E9CAF9 /* UIView+.swift */,
				6B44E4A22A12A86300E9CAF9 /* UILabel+.swift */,
				6B44E4A42A12A8EB00E9CAF9 /* UITextField+.swift */,
			);
			path = Extension;
			sourceTree = "<group>";
		};
		6B44E4872A126D4600E9CAF9 /* Resource */ = {
			isa = PBXGroup;
			children = (
				6B27D7582A126B5B0033BB21 /* Assets.xcassets */,
				6B44E4892A126D8D00E9CAF9 /* Font */,
			);
			path = Resource;
			sourceTree = "<group>";
		};
		6B44E4882A126D5900E9CAF9 /* Protocol */ = {
			isa = PBXGroup;
			children = (
			);
			path = Protocol;
			sourceTree = "<group>";
		};
		6B44E4892A126D8D00E9CAF9 /* Font */ = {
			isa = PBXGroup;
			children = (
				6B44E4922A12732A00E9CAF9 /* Pretendard-Bold.ttf */,
				6B44E4932A12732A00E9CAF9 /* Pretendard-ExtraBold.ttf */,
				6B44E4942A12732A00E9CAF9 /* Pretendard-Regular.ttf */,
			);
			path = Font;
			sourceTree = "<group>";
		};
		6B44E48A2A126DA300E9CAF9 /* Presentation */ = {
			isa = PBXGroup;
			children = (
				6BAFCD222A136AC800994100 /* TabBar */,
				6B44E48F2A12707A00E9CAF9 /* MainPage */,
				6B44E48B2A126DDB00E9CAF9 /* Component */,
			);
			path = Presentation;
			sourceTree = "<group>";
		};
		6B44E48B2A126DDB00E9CAF9 /* Component */ = {
			isa = PBXGroup;
			children = (
			);
			path = Component;
			sourceTree = "<group>";
		};
		6B44E48C2A126E4900E9CAF9 /* Literal */ = {
			isa = PBXGroup;
			children = (
				6B44E4982A12743400E9CAF9 /* FontLiteral.swift */,
				6B44E49A2A1296A700E9CAF9 /* ColorLiteral.swift */,
				6B44E49C2A12A01D00E9CAF9 /* ImageLiteral.swift */,
			);
			path = Literal;
			sourceTree = "<group>";
		};
		6B44E48D2A126F8700E9CAF9 /* Utils */ = {
			isa = PBXGroup;
			children = (
			);
			path = Utils;
			sourceTree = "<group>";
		};
		6B44E48E2A126FCA00E9CAF9 /* Base */ = {
			isa = PBXGroup;
			children = (
			);
			path = Base;
			sourceTree = "<group>";
		};
		6B44E48F2A12707A00E9CAF9 /* MainPage */ = {
			isa = PBXGroup;
			children = (
				6BF052E52A16BD8900893084 /* Model */,
				6B44E4912A1270A500E9CAF9 /* Views */,
				6B44E4902A12709E00E9CAF9 /* VC */,
			);
			path = MainPage;
			sourceTree = "<group>";
		};
		6B44E4902A12709E00E9CAF9 /* VC */ = {
			isa = PBXGroup;
			children = (
				6B27D7532A126B5A0033BB21 /* MainPageViewController.swift */,
				6BAFCD2D2A1541CB00994100 /* MainPageRoutineViewController.swift */,
				6BAFCD2F2A15438F00994100 /* MainPageRecallViewController.swift */,
			);
			path = VC;
			sourceTree = "<group>";
		};
		6B44E4912A1270A500E9CAF9 /* Views */ = {
			isa = PBXGroup;
			children = (
				6BAFCD2B2A153C1300994100 /* MainPageTopBarView.swift */,
				6BF052F02A17631E00893084 /* SelectDateCVC.swift */,
				6BF052DD2A15570300893084 /* SelectDateView.swift */,
				6BF052E12A16B09700893084 /* MainPageRoutineTVC.swift */,
				6BF052EA2A173A6900893084 /* MainPageRoutineHeaderView.swift */,
			);
			path = Views;
			sourceTree = "<group>";
		};
		6BAFCD222A136AC800994100 /* TabBar */ = {
			isa = PBXGroup;
			children = (
				6BAFCD232A136B0D00994100 /* TabBarController.swift */,
			);
			path = TabBar;
			sourceTree = "<group>";
		};
		6BF052E52A16BD8900893084 /* Model */ = {
			isa = PBXGroup;
			children = (
				6BF052E82A16BE3400893084 /* Routine.swift */,
				6B822EEB2A17A5650080FB7C /* Date.swift */,
			);
			path = Model;
			sourceTree = "<group>";
		};
/* End PBXGroup section */

/* Begin PBXNativeTarget section */
		6B27D74B2A126B5A0033BB21 /* MY-SOPT-IN-iOS */ = {
			isa = PBXNativeTarget;
			buildConfigurationList = 6B27D7602A126B5B0033BB21 /* Build configuration list for PBXNativeTarget "MY-SOPT-IN-iOS" */;
			buildPhases = (
				6B27D7482A126B5A0033BB21 /* Sources */,
				6B27D7492A126B5A0033BB21 /* Frameworks */,
				6B27D74A2A126B5A0033BB21 /* Resources */,
			);
			buildRules = (
			);
			dependencies = (
			);
			name = "MY-SOPT-IN-iOS";
			packageProductDependencies = (
				6B44E4AA2A12AACF00E9CAF9 /* SnapKit */,
				6B44E4AD2A12AAED00E9CAF9 /* Then */,
			);
			productName = "MY-SOPT-IN-iOS";
			productReference = 6B27D74C2A126B5A0033BB21 /* MY-SOPT-IN-iOS.app */;
			productType = "com.apple.product-type.application";
		};
/* End PBXNativeTarget section */

/* Begin PBXProject section */
		6B27D7442A126B5A0033BB21 /* Project object */ = {
			isa = PBXProject;
			attributes = {
				BuildIndependentTargetsInParallel = 1;
				LastSwiftUpdateCheck = 1420;
				LastUpgradeCheck = 1420;
				TargetAttributes = {
					6B27D74B2A126B5A0033BB21 = {
						CreatedOnToolsVersion = 14.2;
					};
				};
			};
			buildConfigurationList = 6B27D7472A126B5A0033BB21 /* Build configuration list for PBXProject "MY-SOPT-IN-iOS" */;
			compatibilityVersion = "Xcode 14.0";
			developmentRegion = en;
			hasScannedForEncodings = 0;
			knownRegions = (
				en,
				Base,
			);
			mainGroup = 6B27D7432A126B5A0033BB21;
			packageReferences = (
				6B44E4A92A12AACF00E9CAF9 /* XCRemoteSwiftPackageReference "SnapKit" */,
				6B44E4AC2A12AAED00E9CAF9 /* XCRemoteSwiftPackageReference "Then" */,
			);
			productRefGroup = 6B27D74D2A126B5A0033BB21 /* Products */;
			projectDirPath = "";
			projectRoot = "";
			targets = (
				6B27D74B2A126B5A0033BB21 /* MY-SOPT-IN-iOS */,
			);
		};
/* End PBXProject section */

/* Begin PBXResourcesBuildPhase section */
		6B27D74A2A126B5A0033BB21 /* Resources */ = {
			isa = PBXResourcesBuildPhase;
			buildActionMask = 2147483647;
			files = (
				6B27D75C2A126B5B0033BB21 /* LaunchScreen.storyboard in Resources */,
				6B44E4952A12732A00E9CAF9 /* Pretendard-Bold.ttf in Resources */,
				6B44E4972A12732A00E9CAF9 /* Pretendard-Regular.ttf in Resources */,
				6B27D7592A126B5B0033BB21 /* Assets.xcassets in Resources */,
				6B44E4962A12732A00E9CAF9 /* Pretendard-ExtraBold.ttf in Resources */,
			);
			runOnlyForDeploymentPostprocessing = 0;
		};
/* End PBXResourcesBuildPhase section */

/* Begin PBXSourcesBuildPhase section */
		6B27D7482A126B5A0033BB21 /* Sources */ = {
			isa = PBXSourcesBuildPhase;
			buildActionMask = 2147483647;
			files = (
				6B44E4A32A12A86300E9CAF9 /* UILabel+.swift in Sources */,
				6BAFCD302A15438F00994100 /* MainPageRecallViewController.swift in Sources */,
				6B44E4A52A12A8EB00E9CAF9 /* UITextField+.swift in Sources */,
				6BF052E92A16BE3400893084 /* Routine.swift in Sources */,
				6BAFCD242A136B0D00994100 /* TabBarController.swift in Sources */,
				6B44E49F2A12A72C00E9CAF9 /* UIStackView+.swift in Sources */,
				6BAFCD2C2A153C1300994100 /* MainPageTopBarView.swift in Sources */,
				6B44E4992A12743400E9CAF9 /* FontLiteral.swift in Sources */,
				6BF052EB2A173A6900893084 /* MainPageRoutineHeaderView.swift in Sources */,
				6B44E49D2A12A01D00E9CAF9 /* ImageLiteral.swift in Sources */,
				6BF052E22A16B09700893084 /* MainPageRoutineTVC.swift in Sources */,
				6B822EEC2A17A5650080FB7C /* Date.swift in Sources */,
				6B27D7542A126B5A0033BB21 /* MainPageViewController.swift in Sources */,
				6B44E4A12A12A75400E9CAF9 /* UIView+.swift in Sources */,
				6BF052DE2A15570300893084 /* SelectDateView.swift in Sources */,
				6B27D7502A126B5A0033BB21 /* AppDelegate.swift in Sources */,
				6B27D7522A126B5A0033BB21 /* SceneDelegate.swift in Sources */,
				6B44E49B2A1296A700E9CAF9 /* ColorLiteral.swift in Sources */,
				6BAFCD2E2A1541CB00994100 /* MainPageRoutineViewController.swift in Sources */,
				6BF052F12A17631E00893084 /* SelectDateCVC.swift in Sources */,
			);
			runOnlyForDeploymentPostprocessing = 0;
		};
/* End PBXSourcesBuildPhase section */

/* Begin PBXVariantGroup section */
		6B27D75A2A126B5B0033BB21 /* LaunchScreen.storyboard */ = {
			isa = PBXVariantGroup;
			children = (
				6B27D75B2A126B5B0033BB21 /* Base */,
			);
			name = LaunchScreen.storyboard;
			sourceTree = "<group>";
		};
/* End PBXVariantGroup section */

/* Begin XCBuildConfiguration section */
		6B27D75E2A126B5B0033BB21 /* Debug */ = {
			isa = XCBuildConfiguration;
			buildSettings = {
				ALWAYS_SEARCH_USER_PATHS = NO;
				CLANG_ANALYZER_NONNULL = YES;
				CLANG_ANALYZER_NUMBER_OBJECT_CONVERSION = YES_AGGRESSIVE;
				CLANG_CXX_LANGUAGE_STANDARD = "gnu++20";
				CLANG_ENABLE_MODULES = YES;
				CLANG_ENABLE_OBJC_ARC = YES;
				CLANG_ENABLE_OBJC_WEAK = YES;
				CLANG_WARN_BLOCK_CAPTURE_AUTORELEASING = YES;
				CLANG_WARN_BOOL_CONVERSION = YES;
				CLANG_WARN_COMMA = YES;
				CLANG_WARN_CONSTANT_CONVERSION = YES;
				CLANG_WARN_DEPRECATED_OBJC_IMPLEMENTATIONS = YES;
				CLANG_WARN_DIRECT_OBJC_ISA_USAGE = YES_ERROR;
				CLANG_WARN_DOCUMENTATION_COMMENTS = YES;
				CLANG_WARN_EMPTY_BODY = YES;
				CLANG_WARN_ENUM_CONVERSION = YES;
				CLANG_WARN_INFINITE_RECURSION = YES;
				CLANG_WARN_INT_CONVERSION = YES;
				CLANG_WARN_NON_LITERAL_NULL_CONVERSION = YES;
				CLANG_WARN_OBJC_IMPLICIT_RETAIN_SELF = YES;
				CLANG_WARN_OBJC_LITERAL_CONVERSION = YES;
				CLANG_WARN_OBJC_ROOT_CLASS = YES_ERROR;
				CLANG_WARN_QUOTED_INCLUDE_IN_FRAMEWORK_HEADER = YES;
				CLANG_WARN_RANGE_LOOP_ANALYSIS = YES;
				CLANG_WARN_STRICT_PROTOTYPES = YES;
				CLANG_WARN_SUSPICIOUS_MOVE = YES;
				CLANG_WARN_UNGUARDED_AVAILABILITY = YES_AGGRESSIVE;
				CLANG_WARN_UNREACHABLE_CODE = YES;
				CLANG_WARN__DUPLICATE_METHOD_MATCH = YES;
				COPY_PHASE_STRIP = NO;
				DEBUG_INFORMATION_FORMAT = dwarf;
				ENABLE_STRICT_OBJC_MSGSEND = YES;
				ENABLE_TESTABILITY = YES;
				GCC_C_LANGUAGE_STANDARD = gnu11;
				GCC_DYNAMIC_NO_PIC = NO;
				GCC_NO_COMMON_BLOCKS = YES;
				GCC_OPTIMIZATION_LEVEL = 0;
				GCC_PREPROCESSOR_DEFINITIONS = (
					"DEBUG=1",
					"$(inherited)",
				);
				GCC_WARN_64_TO_32_BIT_CONVERSION = YES;
				GCC_WARN_ABOUT_RETURN_TYPE = YES_ERROR;
				GCC_WARN_UNDECLARED_SELECTOR = YES;
				GCC_WARN_UNINITIALIZED_AUTOS = YES_AGGRESSIVE;
				GCC_WARN_UNUSED_FUNCTION = YES;
				GCC_WARN_UNUSED_VARIABLE = YES;
				IPHONEOS_DEPLOYMENT_TARGET = 16.2;
				MTL_ENABLE_DEBUG_INFO = INCLUDE_SOURCE;
				MTL_FAST_MATH = YES;
				ONLY_ACTIVE_ARCH = YES;
				SDKROOT = iphoneos;
				SWIFT_ACTIVE_COMPILATION_CONDITIONS = DEBUG;
				SWIFT_OPTIMIZATION_LEVEL = "-Onone";
			};
			name = Debug;
		};
		6B27D75F2A126B5B0033BB21 /* Release */ = {
			isa = XCBuildConfiguration;
			buildSettings = {
				ALWAYS_SEARCH_USER_PATHS = NO;
				CLANG_ANALYZER_NONNULL = YES;
				CLANG_ANALYZER_NUMBER_OBJECT_CONVERSION = YES_AGGRESSIVE;
				CLANG_CXX_LANGUAGE_STANDARD = "gnu++20";
				CLANG_ENABLE_MODULES = YES;
				CLANG_ENABLE_OBJC_ARC = YES;
				CLANG_ENABLE_OBJC_WEAK = YES;
				CLANG_WARN_BLOCK_CAPTURE_AUTORELEASING = YES;
				CLANG_WARN_BOOL_CONVERSION = YES;
				CLANG_WARN_COMMA = YES;
				CLANG_WARN_CONSTANT_CONVERSION = YES;
				CLANG_WARN_DEPRECATED_OBJC_IMPLEMENTATIONS = YES;
				CLANG_WARN_DIRECT_OBJC_ISA_USAGE = YES_ERROR;
				CLANG_WARN_DOCUMENTATION_COMMENTS = YES;
				CLANG_WARN_EMPTY_BODY = YES;
				CLANG_WARN_ENUM_CONVERSION = YES;
				CLANG_WARN_INFINITE_RECURSION = YES;
				CLANG_WARN_INT_CONVERSION = YES;
				CLANG_WARN_NON_LITERAL_NULL_CONVERSION = YES;
				CLANG_WARN_OBJC_IMPLICIT_RETAIN_SELF = YES;
				CLANG_WARN_OBJC_LITERAL_CONVERSION = YES;
				CLANG_WARN_OBJC_ROOT_CLASS = YES_ERROR;
				CLANG_WARN_QUOTED_INCLUDE_IN_FRAMEWORK_HEADER = YES;
				CLANG_WARN_RANGE_LOOP_ANALYSIS = YES;
				CLANG_WARN_STRICT_PROTOTYPES = YES;
				CLANG_WARN_SUSPICIOUS_MOVE = YES;
				CLANG_WARN_UNGUARDED_AVAILABILITY = YES_AGGRESSIVE;
				CLANG_WARN_UNREACHABLE_CODE = YES;
				CLANG_WARN__DUPLICATE_METHOD_MATCH = YES;
				COPY_PHASE_STRIP = NO;
				DEBUG_INFORMATION_FORMAT = "dwarf-with-dsym";
				ENABLE_NS_ASSERTIONS = NO;
				ENABLE_STRICT_OBJC_MSGSEND = YES;
				GCC_C_LANGUAGE_STANDARD = gnu11;
				GCC_NO_COMMON_BLOCKS = YES;
				GCC_WARN_64_TO_32_BIT_CONVERSION = YES;
				GCC_WARN_ABOUT_RETURN_TYPE = YES_ERROR;
				GCC_WARN_UNDECLARED_SELECTOR = YES;
				GCC_WARN_UNINITIALIZED_AUTOS = YES_AGGRESSIVE;
				GCC_WARN_UNUSED_FUNCTION = YES;
				GCC_WARN_UNUSED_VARIABLE = YES;
				IPHONEOS_DEPLOYMENT_TARGET = 16.2;
				MTL_ENABLE_DEBUG_INFO = NO;
				MTL_FAST_MATH = YES;
				SDKROOT = iphoneos;
				SWIFT_COMPILATION_MODE = wholemodule;
				SWIFT_OPTIMIZATION_LEVEL = "-O";
				VALIDATE_PRODUCT = YES;
			};
			name = Release;
		};
		6B27D7612A126B5B0033BB21 /* Debug */ = {
			isa = XCBuildConfiguration;
			buildSettings = {
				ASSETCATALOG_COMPILER_APPICON_NAME = AppIcon;
				ASSETCATALOG_COMPILER_GLOBAL_ACCENT_COLOR_NAME = AccentColor;
				CODE_SIGN_STYLE = Automatic;
				CURRENT_PROJECT_VERSION = 1;
				DEVELOPMENT_TEAM = 6ML57N96S3;
				GENERATE_INFOPLIST_FILE = YES;
				INFOPLIST_FILE = "MY-SOPT-IN-iOS/Info.plist";
				INFOPLIST_KEY_UIApplicationSupportsIndirectInputEvents = YES;
				INFOPLIST_KEY_UILaunchStoryboardName = LaunchScreen;
				INFOPLIST_KEY_UISupportedInterfaceOrientations_iPad = "UIInterfaceOrientationPortrait UIInterfaceOrientationPortraitUpsideDown UIInterfaceOrientationLandscapeLeft UIInterfaceOrientationLandscapeRight";
				INFOPLIST_KEY_UISupportedInterfaceOrientations_iPhone = "UIInterfaceOrientationPortrait UIInterfaceOrientationLandscapeLeft UIInterfaceOrientationLandscapeRight";
				LD_RUNPATH_SEARCH_PATHS = (
					"$(inherited)",
					"@executable_path/Frameworks",
				);
				MARKETING_VERSION = 1.0;
				PRODUCT_BUNDLE_IDENTIFIER = "yeah.MY-SOPT-IN-iOS";
				PRODUCT_NAME = "$(TARGET_NAME)";
				SWIFT_EMIT_LOC_STRINGS = YES;
				SWIFT_VERSION = 5.0;
				TARGETED_DEVICE_FAMILY = "1,2";
			};
			name = Debug;
		};
		6B27D7622A126B5B0033BB21 /* Release */ = {
			isa = XCBuildConfiguration;
			buildSettings = {
				ASSETCATALOG_COMPILER_APPICON_NAME = AppIcon;
				ASSETCATALOG_COMPILER_GLOBAL_ACCENT_COLOR_NAME = AccentColor;
				CODE_SIGN_STYLE = Automatic;
				CURRENT_PROJECT_VERSION = 1;
				DEVELOPMENT_TEAM = 6ML57N96S3;
				GENERATE_INFOPLIST_FILE = YES;
				INFOPLIST_FILE = "MY-SOPT-IN-iOS/Info.plist";
				INFOPLIST_KEY_UIApplicationSupportsIndirectInputEvents = YES;
				INFOPLIST_KEY_UILaunchStoryboardName = LaunchScreen;
				INFOPLIST_KEY_UISupportedInterfaceOrientations_iPad = "UIInterfaceOrientationPortrait UIInterfaceOrientationPortraitUpsideDown UIInterfaceOrientationLandscapeLeft UIInterfaceOrientationLandscapeRight";
				INFOPLIST_KEY_UISupportedInterfaceOrientations_iPhone = "UIInterfaceOrientationPortrait UIInterfaceOrientationLandscapeLeft UIInterfaceOrientationLandscapeRight";
				LD_RUNPATH_SEARCH_PATHS = (
					"$(inherited)",
					"@executable_path/Frameworks",
				);
				MARKETING_VERSION = 1.0;
				PRODUCT_BUNDLE_IDENTIFIER = "yeah.MY-SOPT-IN-iOS";
				PRODUCT_NAME = "$(TARGET_NAME)";
				SWIFT_EMIT_LOC_STRINGS = YES;
				SWIFT_VERSION = 5.0;
				TARGETED_DEVICE_FAMILY = "1,2";
			};
			name = Release;
		};
/* End XCBuildConfiguration section */

/* Begin XCConfigurationList section */
		6B27D7472A126B5A0033BB21 /* Build configuration list for PBXProject "MY-SOPT-IN-iOS" */ = {
			isa = XCConfigurationList;
			buildConfigurations = (
				6B27D75E2A126B5B0033BB21 /* Debug */,
				6B27D75F2A126B5B0033BB21 /* Release */,
			);
			defaultConfigurationIsVisible = 0;
			defaultConfigurationName = Release;
		};
		6B27D7602A126B5B0033BB21 /* Build configuration list for PBXNativeTarget "MY-SOPT-IN-iOS" */ = {
			isa = XCConfigurationList;
			buildConfigurations = (
				6B27D7612A126B5B0033BB21 /* Debug */,
				6B27D7622A126B5B0033BB21 /* Release */,
			);
			defaultConfigurationIsVisible = 0;
			defaultConfigurationName = Release;
		};
/* End XCConfigurationList section */

/* Begin XCRemoteSwiftPackageReference section */
		6B44E4A92A12AACF00E9CAF9 /* XCRemoteSwiftPackageReference "SnapKit" */ = {
			isa = XCRemoteSwiftPackageReference;
			repositoryURL = "https://github.com/SnapKit/SnapKit.git";
			requirement = {
				kind = upToNextMajorVersion;
				minimumVersion = 5.0.0;
			};
		};
		6B44E4AC2A12AAED00E9CAF9 /* XCRemoteSwiftPackageReference "Then" */ = {
			isa = XCRemoteSwiftPackageReference;
			repositoryURL = "https://github.com/devxoul/Then.git";
			requirement = {
				kind = upToNextMajorVersion;
				minimumVersion = 3.0.0;
			};
		};
/* End XCRemoteSwiftPackageReference section */

/* Begin XCSwiftPackageProductDependency section */
		6B44E4AA2A12AACF00E9CAF9 /* SnapKit */ = {
			isa = XCSwiftPackageProductDependency;
			package = 6B44E4A92A12AACF00E9CAF9 /* XCRemoteSwiftPackageReference "SnapKit" */;
			productName = SnapKit;
		};
		6B44E4AD2A12AAED00E9CAF9 /* Then */ = {
			isa = XCSwiftPackageProductDependency;
			package = 6B44E4AC2A12AAED00E9CAF9 /* XCRemoteSwiftPackageReference "Then" */;
			productName = Then;
		};
/* End XCSwiftPackageProductDependency section */
	};
	rootObject = 6B27D7442A126B5A0033BB21 /* Project object */;
}
