// !$*UTF8*$!
{
	archiveVersion = 1;
	classes = {
	};
	objectVersion = 56;
	objects = {

/* Begin PBXBuildFile section */
		144624F42A1BDC1F008EAE22 /* DatePickerControl.swift in Sources */ = {isa = PBXBuildFile; fileRef = 144624F32A1BDC1F008EAE22 /* DatePickerControl.swift */; };
		146BBB4A2A17EEEB00A6C21A /* RecommendRoutineViewController.swift in Sources */ = {isa = PBXBuildFile; fileRef = 146BBB492A17EEEB00A6C21A /* RecommendRoutineViewController.swift */; };
		146BBB4D2A17F0DF00A6C21A /* TotalRecallViewController.swift in Sources */ = {isa = PBXBuildFile; fileRef = 146BBB4C2A17F0DF00A6C21A /* TotalRecallViewController.swift */; };
		146BBB542A18D6CF00A6C21A /* TotalRecallTableViewCell.swift in Sources */ = {isa = PBXBuildFile; fileRef = 146BBB532A18D6CF00A6C21A /* TotalRecallTableViewCell.swift */; };
		146BBB562A18DC5600A6C21A /* NSObject+.swift in Sources */ = {isa = PBXBuildFile; fileRef = 146BBB552A18DC5600A6C21A /* NSObject+.swift */; };
		146BBB5A2A18E7A000A6C21A /* TotalRecallHeaderView.swift in Sources */ = {isa = PBXBuildFile; fileRef = 146BBB592A18E79F00A6C21A /* TotalRecallHeaderView.swift */; };
		148675B52A1CDE630082D579 /* DatePickerViewController.swift in Sources */ = {isa = PBXBuildFile; fileRef = 148675B42A1CDE630082D579 /* DatePickerViewController.swift */; };
		148675B72A1D08A00082D579 /* Config.swift in Sources */ = {isa = PBXBuildFile; fileRef = 148675B62A1D08A00082D579 /* Config.swift */; };
		148675B92A1D0A9D0082D579 /* NetworkResult.swift in Sources */ = {isa = PBXBuildFile; fileRef = 148675B82A1D0A9D0082D579 /* NetworkResult.swift */; };
		148675BB2A1D0AFF0082D579 /* APIConstants.swift in Sources */ = {isa = PBXBuildFile; fileRef = 148675BA2A1D0AFF0082D579 /* APIConstants.swift */; };
		148675BD2A1D0CBE0082D579 /* BaseResponse.swift in Sources */ = {isa = PBXBuildFile; fileRef = 148675BC2A1D0CBE0082D579 /* BaseResponse.swift */; };
		148675C02A1D0DC00082D579 /* BaseTargetType.swift in Sources */ = {isa = PBXBuildFile; fileRef = 148675BF2A1D0DC00082D579 /* BaseTargetType.swift */; };
		148675C32A1D0DDF0082D579 /* Alamofire in Frameworks */ = {isa = PBXBuildFile; productRef = 148675C22A1D0DDF0082D579 /* Alamofire */; };
		148675C62A1D11020082D579 /* BaseAPI.swift in Sources */ = {isa = PBXBuildFile; fileRef = 148675C52A1D11010082D579 /* BaseAPI.swift */; };
		148675C82A1D16C80082D579 /* AlamofireLogger.swift in Sources */ = {isa = PBXBuildFile; fileRef = 148675C72A1D16C80082D579 /* AlamofireLogger.swift */; };
		148675D02A1D23980082D579 /* TotalRetroResponseDTO.swift in Sources */ = {isa = PBXBuildFile; fileRef = 148675CF2A1D23980082D579 /* TotalRetroResponseDTO.swift */; };
		148675D22A1D23F30082D579 /* RetroRouter.swift in Sources */ = {isa = PBXBuildFile; fileRef = 148675D12A1D23F30082D579 /* RetroRouter.swift */; };
		148675D42A1D29FF0082D579 /* RetroAPI.swift in Sources */ = {isa = PBXBuildFile; fileRef = 148675D32A1D29FF0082D579 /* RetroAPI.swift */; };
		250C939F2A13A319005599DA /* BottomSheetViewController.swift in Sources */ = {isa = PBXBuildFile; fileRef = 250C939E2A13A319005599DA /* BottomSheetViewController.swift */; };
		250C93A12A13A4E0005599DA /* BottomSheetView.swift in Sources */ = {isa = PBXBuildFile; fileRef = 250C93A02A13A4E0005599DA /* BottomSheetView.swift */; };
		250DDF432A15AFC1008B8661 /* UIButton+.swift in Sources */ = {isa = PBXBuildFile; fileRef = 250DDF422A15AFC1008B8661 /* UIButton+.swift */; };
		250DDF462A15B9B3008B8661 /* RoutineView.swift in Sources */ = {isa = PBXBuildFile; fileRef = 250DDF452A15B9B3008B8661 /* RoutineView.swift */; };
		250DDF482A15BA0C008B8661 /* EditRoutineViewController.swift in Sources */ = {isa = PBXBuildFile; fileRef = 250DDF472A15BA0C008B8661 /* EditRoutineViewController.swift */; };
		250DDF4A2A15BA28008B8661 /* AddRoutineViewController.swift in Sources */ = {isa = PBXBuildFile; fileRef = 250DDF492A15BA28008B8661 /* AddRoutineViewController.swift */; };
		250DDF572A169122008B8661 /* CustomAlertViewController.swift in Sources */ = {isa = PBXBuildFile; fileRef = 250DDF562A169121008B8661 /* CustomAlertViewController.swift */; };
		251030AC2A1C8C4F00AD5292 /* RecallView.swift in Sources */ = {isa = PBXBuildFile; fileRef = 251030AB2A1C8C4F00AD5292 /* RecallView.swift */; };
		251030B02A1C8C7B00AD5292 /* EditRecallViewController.swift in Sources */ = {isa = PBXBuildFile; fileRef = 251030AF2A1C8C7B00AD5292 /* EditRecallViewController.swift */; };
		253BAE062A29C32200658ACE /* UIImage+.swift in Sources */ = {isa = PBXBuildFile; fileRef = 253BAE052A29C32200658ACE /* UIImage+.swift */; };
		253BAE082A29CE4E00658ACE /* StringLiterals.swift in Sources */ = {isa = PBXBuildFile; fileRef = 253BAE072A29CE4E00658ACE /* StringLiterals.swift */; };
		25491B502A17ADF800B16FA8 /* Customnavigationbar.swift in Sources */ = {isa = PBXBuildFile; fileRef = 25491B4F2A17ADF800B16FA8 /* Customnavigationbar.swift */; };
		25679F862A1FB01C0051F842 /* RecallFooterView.swift in Sources */ = {isa = PBXBuildFile; fileRef = 25679F852A1FB01C0051F842 /* RecallFooterView.swift */; };
		25679F882A1FB0430051F842 /* RecallTableViewCell.swift in Sources */ = {isa = PBXBuildFile; fileRef = 25679F872A1FB0430051F842 /* RecallTableViewCell.swift */; };
		25679F8C2A208AC80051F842 /* SingleRetroResponseDTO.swift in Sources */ = {isa = PBXBuildFile; fileRef = 25679F8B2A208AC80051F842 /* SingleRetroResponseDTO.swift */; };
		25FE25902A21199000A7C69F /* PutRetroRequestBody.swift in Sources */ = {isa = PBXBuildFile; fileRef = 25FE258F2A21199000A7C69F /* PutRetroRequestBody.swift */; };
		6B27D7502A126B5A0033BB21 /* AppDelegate.swift in Sources */ = {isa = PBXBuildFile; fileRef = 6B27D74F2A126B5A0033BB21 /* AppDelegate.swift */; };
		6B27D7522A126B5A0033BB21 /* SceneDelegate.swift in Sources */ = {isa = PBXBuildFile; fileRef = 6B27D7512A126B5A0033BB21 /* SceneDelegate.swift */; };
		6B27D7542A126B5A0033BB21 /* MainPageViewController.swift in Sources */ = {isa = PBXBuildFile; fileRef = 6B27D7532A126B5A0033BB21 /* MainPageViewController.swift */; };
		6B27D7592A126B5B0033BB21 /* Assets.xcassets in Resources */ = {isa = PBXBuildFile; fileRef = 6B27D7582A126B5B0033BB21 /* Assets.xcassets */; };
		6B27D75C2A126B5B0033BB21 /* LaunchScreen.storyboard in Resources */ = {isa = PBXBuildFile; fileRef = 6B27D75A2A126B5B0033BB21 /* LaunchScreen.storyboard */; };
		6B44E4952A12732A00E9CAF9 /* Pretendard-Bold.ttf in Resources */ = {isa = PBXBuildFile; fileRef = 6B44E4922A12732A00E9CAF9 /* Pretendard-Bold.ttf */; };
		6B44E4962A12732A00E9CAF9 /* Pretendard-ExtraBold.ttf in Resources */ = {isa = PBXBuildFile; fileRef = 6B44E4932A12732A00E9CAF9 /* Pretendard-ExtraBold.ttf */; };
		6B44E4972A12732A00E9CAF9 /* Pretendard-Regular.ttf in Resources */ = {isa = PBXBuildFile; fileRef = 6B44E4942A12732A00E9CAF9 /* Pretendard-Regular.ttf */; };
		6B44E4992A12743400E9CAF9 /* FontLiteral.swift in Sources */ = {isa = PBXBuildFile; fileRef = 6B44E4982A12743400E9CAF9 /* FontLiteral.swift */; };
		6B44E49B2A1296A700E9CAF9 /* ColorLiteral.swift in Sources */ = {isa = PBXBuildFile; fileRef = 6B44E49A2A1296A700E9CAF9 /* ColorLiteral.swift */; };
		6B44E49D2A12A01D00E9CAF9 /* ImageLiteral.swift in Sources */ = {isa = PBXBuildFile; fileRef = 6B44E49C2A12A01D00E9CAF9 /* ImageLiteral.swift */; };
		6B44E49F2A12A72C00E9CAF9 /* UIStackView+.swift in Sources */ = {isa = PBXBuildFile; fileRef = 6B44E49E2A12A72C00E9CAF9 /* UIStackView+.swift */; };
		6B44E4A12A12A75400E9CAF9 /* UIView+.swift in Sources */ = {isa = PBXBuildFile; fileRef = 6B44E4A02A12A75400E9CAF9 /* UIView+.swift */; };
		6B44E4A32A12A86300E9CAF9 /* UILabel+.swift in Sources */ = {isa = PBXBuildFile; fileRef = 6B44E4A22A12A86300E9CAF9 /* UILabel+.swift */; };
		6B44E4A52A12A8EB00E9CAF9 /* UITextField+.swift in Sources */ = {isa = PBXBuildFile; fileRef = 6B44E4A42A12A8EB00E9CAF9 /* UITextField+.swift */; };
		6B44E4AB2A12AACF00E9CAF9 /* SnapKit in Frameworks */ = {isa = PBXBuildFile; productRef = 6B44E4AA2A12AACF00E9CAF9 /* SnapKit */; };
		6B44E4AE2A12AAED00E9CAF9 /* Then in Frameworks */ = {isa = PBXBuildFile; productRef = 6B44E4AD2A12AAED00E9CAF9 /* Then */; };
		6B822EEC2A17A5650080FB7C /* MyDates.swift in Sources */ = {isa = PBXBuildFile; fileRef = 6B822EEB2A17A5650080FB7C /* MyDates.swift */; };
		6B822EEE2A17E2220080FB7C /* SelectDateHeaderFooter.swift in Sources */ = {isa = PBXBuildFile; fileRef = 6B822EED2A17E2220080FB7C /* SelectDateHeaderFooter.swift */; };
		6B8EC7FA2A1B3B8000926510 /* SelectDateCollectionView.swift in Sources */ = {isa = PBXBuildFile; fileRef = 6B8EC7F92A1B3B8000926510 /* SelectDateCollectionView.swift */; };
		6B8EC7FC2A1CB44400926510 /* MainPageRecallHeaderView.swift in Sources */ = {isa = PBXBuildFile; fileRef = 6B8EC7FB2A1CB44400926510 /* MainPageRecallHeaderView.swift */; };
		6BAFCD242A136B0D00994100 /* TabBarController.swift in Sources */ = {isa = PBXBuildFile; fileRef = 6BAFCD232A136B0D00994100 /* TabBarController.swift */; };
		6BAFCD2C2A153C1300994100 /* MainPageTopBarView.swift in Sources */ = {isa = PBXBuildFile; fileRef = 6BAFCD2B2A153C1300994100 /* MainPageTopBarView.swift */; };
		6BAFCD2E2A1541CB00994100 /* MainPageRoutineViewController.swift in Sources */ = {isa = PBXBuildFile; fileRef = 6BAFCD2D2A1541CB00994100 /* MainPageRoutineViewController.swift */; };
		6BAFCD302A15438F00994100 /* MainPageRecallViewController.swift in Sources */ = {isa = PBXBuildFile; fileRef = 6BAFCD2F2A15438F00994100 /* MainPageRecallViewController.swift */; };
		6BDE9A5C2A19C71700416719 /* MainPageRoutineBorderView.swift in Sources */ = {isa = PBXBuildFile; fileRef = 6BDE9A5B2A19C71700416719 /* MainPageRoutineBorderView.swift */; };
		6BF052E22A16B09700893084 /* MainPageRoutineTVC.swift in Sources */ = {isa = PBXBuildFile; fileRef = 6BF052E12A16B09700893084 /* MainPageRoutineTVC.swift */; };
		6BF052E92A16BE3400893084 /* Routine.swift in Sources */ = {isa = PBXBuildFile; fileRef = 6BF052E82A16BE3400893084 /* Routine.swift */; };
		6BF052EB2A173A6900893084 /* MainPageRoutineHeaderView.swift in Sources */ = {isa = PBXBuildFile; fileRef = 6BF052EA2A173A6900893084 /* MainPageRoutineHeaderView.swift */; };
		6BF052F12A17631E00893084 /* SelectDateCVC.swift in Sources */ = {isa = PBXBuildFile; fileRef = 6BF052F02A17631E00893084 /* SelectDateCVC.swift */; };
		6BFAF7E22A20B694007F7F6D /* RoutineRouter.swift in Sources */ = {isa = PBXBuildFile; fileRef = 6BFAF7E12A20B694007F7F6D /* RoutineRouter.swift */; };
		6BFAF7E42A20B6BD007F7F6D /* RoutineAPI.swift in Sources */ = {isa = PBXBuildFile; fileRef = 6BFAF7E32A20B6BD007F7F6D /* RoutineAPI.swift */; };
		6BFAF7E62A20B75F007F7F6D /* DateRoutineResponseDTO.swift in Sources */ = {isa = PBXBuildFile; fileRef = 6BFAF7E52A20B75F007F7F6D /* DateRoutineResponseDTO.swift */; };
/* End PBXBuildFile section */

/* Begin PBXFileReference section */
		144624F32A1BDC1F008EAE22 /* DatePickerControl.swift */ = {isa = PBXFileReference; lastKnownFileType = sourcecode.swift; path = DatePickerControl.swift; sourceTree = "<group>"; };
		146BBB492A17EEEB00A6C21A /* RecommendRoutineViewController.swift */ = {isa = PBXFileReference; lastKnownFileType = sourcecode.swift; path = RecommendRoutineViewController.swift; sourceTree = "<group>"; };
		146BBB4C2A17F0DF00A6C21A /* TotalRecallViewController.swift */ = {isa = PBXFileReference; lastKnownFileType = sourcecode.swift; path = TotalRecallViewController.swift; sourceTree = "<group>"; };
		146BBB532A18D6CF00A6C21A /* TotalRecallTableViewCell.swift */ = {isa = PBXFileReference; lastKnownFileType = sourcecode.swift; path = TotalRecallTableViewCell.swift; sourceTree = "<group>"; };
		146BBB552A18DC5600A6C21A /* NSObject+.swift */ = {isa = PBXFileReference; lastKnownFileType = sourcecode.swift; path = "NSObject+.swift"; sourceTree = "<group>"; };
		146BBB592A18E79F00A6C21A /* TotalRecallHeaderView.swift */ = {isa = PBXFileReference; lastKnownFileType = sourcecode.swift; path = TotalRecallHeaderView.swift; sourceTree = "<group>"; };
		148675B42A1CDE630082D579 /* DatePickerViewController.swift */ = {isa = PBXFileReference; lastKnownFileType = sourcecode.swift; path = DatePickerViewController.swift; sourceTree = "<group>"; };
		148675B62A1D08A00082D579 /* Config.swift */ = {isa = PBXFileReference; lastKnownFileType = sourcecode.swift; name = Config.swift; path = "MY-SOPT-IN-iOS/Network/Config/Config.swift"; sourceTree = SOURCE_ROOT; };
		148675B82A1D0A9D0082D579 /* NetworkResult.swift */ = {isa = PBXFileReference; lastKnownFileType = sourcecode.swift; name = NetworkResult.swift; path = "MY-SOPT-IN-iOS/Network/Foundation/NetworkResult.swift"; sourceTree = SOURCE_ROOT; };
		148675BA2A1D0AFF0082D579 /* APIConstants.swift */ = {isa = PBXFileReference; lastKnownFileType = sourcecode.swift; name = APIConstants.swift; path = "MY-SOPT-IN-iOS/Network/Foundation/APIConstants.swift"; sourceTree = SOURCE_ROOT; };
		148675BC2A1D0CBE0082D579 /* BaseResponse.swift */ = {isa = PBXFileReference; lastKnownFileType = sourcecode.swift; name = BaseResponse.swift; path = "MY-SOPT-IN-iOS/Network/Foundation/BaseResponse.swift"; sourceTree = SOURCE_ROOT; };
		148675BF2A1D0DC00082D579 /* BaseTargetType.swift */ = {isa = PBXFileReference; lastKnownFileType = sourcecode.swift; path = BaseTargetType.swift; sourceTree = "<group>"; };
		148675C52A1D11010082D579 /* BaseAPI.swift */ = {isa = PBXFileReference; lastKnownFileType = sourcecode.swift; path = BaseAPI.swift; sourceTree = "<group>"; };
		148675C72A1D16C80082D579 /* AlamofireLogger.swift */ = {isa = PBXFileReference; lastKnownFileType = sourcecode.swift; path = AlamofireLogger.swift; sourceTree = "<group>"; };
		148675CF2A1D23980082D579 /* TotalRetroResponseDTO.swift */ = {isa = PBXFileReference; lastKnownFileType = sourcecode.swift; path = TotalRetroResponseDTO.swift; sourceTree = "<group>"; };
		148675D12A1D23F30082D579 /* RetroRouter.swift */ = {isa = PBXFileReference; lastKnownFileType = sourcecode.swift; path = RetroRouter.swift; sourceTree = "<group>"; };
		148675D32A1D29FF0082D579 /* RetroAPI.swift */ = {isa = PBXFileReference; lastKnownFileType = sourcecode.swift; path = RetroAPI.swift; sourceTree = "<group>"; };
		250C939E2A13A319005599DA /* BottomSheetViewController.swift */ = {isa = PBXFileReference; lastKnownFileType = sourcecode.swift; path = BottomSheetViewController.swift; sourceTree = "<group>"; };
		250C93A02A13A4E0005599DA /* BottomSheetView.swift */ = {isa = PBXFileReference; lastKnownFileType = sourcecode.swift; name = BottomSheetView.swift; path = "MY-SOPT-IN-iOS/Presentation/MainPage/Views/BottomSheetView.swift"; sourceTree = SOURCE_ROOT; };
		250DDF422A15AFC1008B8661 /* UIButton+.swift */ = {isa = PBXFileReference; lastKnownFileType = sourcecode.swift; path = "UIButton+.swift"; sourceTree = "<group>"; };
		250DDF452A15B9B3008B8661 /* RoutineView.swift */ = {isa = PBXFileReference; lastKnownFileType = sourcecode.swift; name = RoutineView.swift; path = "MY-SOPT-IN-iOS/Presentation/MainPage/Views/RoutineView.swift"; sourceTree = SOURCE_ROOT; };
		250DDF472A15BA0C008B8661 /* EditRoutineViewController.swift */ = {isa = PBXFileReference; lastKnownFileType = sourcecode.swift; path = EditRoutineViewController.swift; sourceTree = "<group>"; };
		250DDF492A15BA28008B8661 /* AddRoutineViewController.swift */ = {isa = PBXFileReference; lastKnownFileType = sourcecode.swift; path = AddRoutineViewController.swift; sourceTree = "<group>"; };
		250DDF562A169121008B8661 /* CustomAlertViewController.swift */ = {isa = PBXFileReference; lastKnownFileType = sourcecode.swift; path = CustomAlertViewController.swift; sourceTree = "<group>"; };
		251030AB2A1C8C4F00AD5292 /* RecallView.swift */ = {isa = PBXFileReference; lastKnownFileType = sourcecode.swift; path = RecallView.swift; sourceTree = "<group>"; };
		251030AF2A1C8C7B00AD5292 /* EditRecallViewController.swift */ = {isa = PBXFileReference; lastKnownFileType = sourcecode.swift; path = EditRecallViewController.swift; sourceTree = "<group>"; };
		253BAE052A29C32200658ACE /* UIImage+.swift */ = {isa = PBXFileReference; lastKnownFileType = sourcecode.swift; path = "UIImage+.swift"; sourceTree = "<group>"; };
		253BAE072A29CE4E00658ACE /* StringLiterals.swift */ = {isa = PBXFileReference; lastKnownFileType = sourcecode.swift; path = StringLiterals.swift; sourceTree = "<group>"; };
		25491B4F2A17ADF800B16FA8 /* Customnavigationbar.swift */ = {isa = PBXFileReference; lastKnownFileType = sourcecode.swift; name = Customnavigationbar.swift; path = "MY-SOPT-IN-iOS/Presentation/Component/Customnavigationbar.swift"; sourceTree = SOURCE_ROOT; };
		25679F852A1FB01C0051F842 /* RecallFooterView.swift */ = {isa = PBXFileReference; lastKnownFileType = sourcecode.swift; path = RecallFooterView.swift; sourceTree = "<group>"; };
		25679F872A1FB0430051F842 /* RecallTableViewCell.swift */ = {isa = PBXFileReference; lastKnownFileType = sourcecode.swift; path = RecallTableViewCell.swift; sourceTree = "<group>"; };
		25679F8B2A208AC80051F842 /* SingleRetroResponseDTO.swift */ = {isa = PBXFileReference; lastKnownFileType = sourcecode.swift; path = SingleRetroResponseDTO.swift; sourceTree = "<group>"; };
		25FE258F2A21199000A7C69F /* PutRetroRequestBody.swift */ = {isa = PBXFileReference; lastKnownFileType = sourcecode.swift; path = PutRetroRequestBody.swift; sourceTree = "<group>"; };
		6B27D74C2A126B5A0033BB21 /* MY-SOPT-IN-iOS.app */ = {isa = PBXFileReference; explicitFileType = wrapper.application; includeInIndex = 0; path = "MY-SOPT-IN-iOS.app"; sourceTree = BUILT_PRODUCTS_DIR; };
		6B27D74F2A126B5A0033BB21 /* AppDelegate.swift */ = {isa = PBXFileReference; lastKnownFileType = sourcecode.swift; path = AppDelegate.swift; sourceTree = "<group>"; };
		6B27D7512A126B5A0033BB21 /* SceneDelegate.swift */ = {isa = PBXFileReference; lastKnownFileType = sourcecode.swift; path = SceneDelegate.swift; sourceTree = "<group>"; };
		6B27D7532A126B5A0033BB21 /* MainPageViewController.swift */ = {isa = PBXFileReference; lastKnownFileType = sourcecode.swift; path = MainPageViewController.swift; sourceTree = "<group>"; };
		6B27D7582A126B5B0033BB21 /* Assets.xcassets */ = {isa = PBXFileReference; lastKnownFileType = folder.assetcatalog; path = Assets.xcassets; sourceTree = "<group>"; };
		6B27D75B2A126B5B0033BB21 /* Base */ = {isa = PBXFileReference; lastKnownFileType = file.storyboard; name = Base; path = Base.lproj/LaunchScreen.storyboard; sourceTree = "<group>"; };
		6B27D75D2A126B5B0033BB21 /* Info.plist */ = {isa = PBXFileReference; lastKnownFileType = text.plist.xml; path = Info.plist; sourceTree = "<group>"; };
		6B44E4922A12732A00E9CAF9 /* Pretendard-Bold.ttf */ = {isa = PBXFileReference; lastKnownFileType = file; path = "Pretendard-Bold.ttf"; sourceTree = "<group>"; };
		6B44E4932A12732A00E9CAF9 /* Pretendard-ExtraBold.ttf */ = {isa = PBXFileReference; lastKnownFileType = file; path = "Pretendard-ExtraBold.ttf"; sourceTree = "<group>"; };
		6B44E4942A12732A00E9CAF9 /* Pretendard-Regular.ttf */ = {isa = PBXFileReference; lastKnownFileType = file; path = "Pretendard-Regular.ttf"; sourceTree = "<group>"; };
		6B44E4982A12743400E9CAF9 /* FontLiteral.swift */ = {isa = PBXFileReference; lastKnownFileType = sourcecode.swift; path = FontLiteral.swift; sourceTree = "<group>"; };
		6B44E49A2A1296A700E9CAF9 /* ColorLiteral.swift */ = {isa = PBXFileReference; lastKnownFileType = sourcecode.swift; path = ColorLiteral.swift; sourceTree = "<group>"; };
		6B44E49C2A12A01D00E9CAF9 /* ImageLiteral.swift */ = {isa = PBXFileReference; lastKnownFileType = sourcecode.swift; path = ImageLiteral.swift; sourceTree = "<group>"; };
		6B44E49E2A12A72C00E9CAF9 /* UIStackView+.swift */ = {isa = PBXFileReference; lastKnownFileType = sourcecode.swift; path = "UIStackView+.swift"; sourceTree = "<group>"; };
		6B44E4A02A12A75400E9CAF9 /* UIView+.swift */ = {isa = PBXFileReference; lastKnownFileType = sourcecode.swift; path = "UIView+.swift"; sourceTree = "<group>"; };
		6B44E4A22A12A86300E9CAF9 /* UILabel+.swift */ = {isa = PBXFileReference; lastKnownFileType = sourcecode.swift; path = "UILabel+.swift"; sourceTree = "<group>"; };
		6B44E4A42A12A8EB00E9CAF9 /* UITextField+.swift */ = {isa = PBXFileReference; lastKnownFileType = sourcecode.swift; path = "UITextField+.swift"; sourceTree = "<group>"; };
		6B822EEB2A17A5650080FB7C /* MyDates.swift */ = {isa = PBXFileReference; lastKnownFileType = sourcecode.swift; path = MyDates.swift; sourceTree = "<group>"; };
		6B822EED2A17E2220080FB7C /* SelectDateHeaderFooter.swift */ = {isa = PBXFileReference; lastKnownFileType = sourcecode.swift; name = SelectDateHeaderFooter.swift; path = "MY-SOPT-IN-iOS/Presentation/MainPage/Model/SelectDateHeaderFooter.swift"; sourceTree = SOURCE_ROOT; };
		6B8EC7F92A1B3B8000926510 /* SelectDateCollectionView.swift */ = {isa = PBXFileReference; lastKnownFileType = sourcecode.swift; path = SelectDateCollectionView.swift; sourceTree = "<group>"; };
		6B8EC7FB2A1CB44400926510 /* MainPageRecallHeaderView.swift */ = {isa = PBXFileReference; lastKnownFileType = sourcecode.swift; path = MainPageRecallHeaderView.swift; sourceTree = "<group>"; };
		6BAFCD232A136B0D00994100 /* TabBarController.swift */ = {isa = PBXFileReference; lastKnownFileType = sourcecode.swift; path = TabBarController.swift; sourceTree = "<group>"; };
		6BAFCD2B2A153C1300994100 /* MainPageTopBarView.swift */ = {isa = PBXFileReference; lastKnownFileType = sourcecode.swift; name = MainPageTopBarView.swift; path = "MY-SOPT-IN-iOS/Presentation/MainPage/VC/MainPageTopBarView.swift"; sourceTree = SOURCE_ROOT; };
		6BAFCD2D2A1541CB00994100 /* MainPageRoutineViewController.swift */ = {isa = PBXFileReference; lastKnownFileType = sourcecode.swift; path = MainPageRoutineViewController.swift; sourceTree = "<group>"; };
		6BAFCD2F2A15438F00994100 /* MainPageRecallViewController.swift */ = {isa = PBXFileReference; lastKnownFileType = sourcecode.swift; path = MainPageRecallViewController.swift; sourceTree = "<group>"; };
		6BDE9A5B2A19C71700416719 /* MainPageRoutineBorderView.swift */ = {isa = PBXFileReference; lastKnownFileType = sourcecode.swift; path = MainPageRoutineBorderView.swift; sourceTree = "<group>"; };
		6BF052E12A16B09700893084 /* MainPageRoutineTVC.swift */ = {isa = PBXFileReference; lastKnownFileType = sourcecode.swift; name = MainPageRoutineTVC.swift; path = "MY-SOPT-IN-iOS/Presentation/MainPage/VC/MainPageRoutineTVC.swift"; sourceTree = SOURCE_ROOT; };
		6BF052E82A16BE3400893084 /* Routine.swift */ = {isa = PBXFileReference; lastKnownFileType = sourcecode.swift; path = Routine.swift; sourceTree = "<group>"; };
		6BF052EA2A173A6900893084 /* MainPageRoutineHeaderView.swift */ = {isa = PBXFileReference; lastKnownFileType = sourcecode.swift; name = MainPageRoutineHeaderView.swift; path = "MY-SOPT-IN-iOS/Presentation/MainPage/Model/MainPageRoutineHeaderView.swift"; sourceTree = SOURCE_ROOT; };
		6BF052F02A17631E00893084 /* SelectDateCVC.swift */ = {isa = PBXFileReference; lastKnownFileType = sourcecode.swift; name = SelectDateCVC.swift; path = "MY-SOPT-IN-iOS/Global/Extension/SelectDateCVC.swift"; sourceTree = SOURCE_ROOT; };
		6BFAF7E12A20B694007F7F6D /* RoutineRouter.swift */ = {isa = PBXFileReference; lastKnownFileType = sourcecode.swift; name = RoutineRouter.swift; path = "MY-SOPT-IN-iOS/Network/DTO/RoutineRouter.swift"; sourceTree = SOURCE_ROOT; };
		6BFAF7E32A20B6BD007F7F6D /* RoutineAPI.swift */ = {isa = PBXFileReference; lastKnownFileType = sourcecode.swift; name = RoutineAPI.swift; path = "MY-SOPT-IN-iOS/Network/DTO/RoutineAPI.swift"; sourceTree = SOURCE_ROOT; };
		6BFAF7E52A20B75F007F7F6D /* DateRoutineResponseDTO.swift */ = {isa = PBXFileReference; lastKnownFileType = sourcecode.swift; path = DateRoutineResponseDTO.swift; sourceTree = "<group>"; };
/* End PBXFileReference section */

/* Begin PBXFrameworksBuildPhase section */
		6B27D7492A126B5A0033BB21 /* Frameworks */ = {
			isa = PBXFrameworksBuildPhase;
			buildActionMask = 2147483647;
			files = (
				148675C32A1D0DDF0082D579 /* Alamofire in Frameworks */,
				6B44E4AB2A12AACF00E9CAF9 /* SnapKit in Frameworks */,
				6B44E4AE2A12AAED00E9CAF9 /* Then in Frameworks */,
			);
			runOnlyForDeploymentPostprocessing = 0;
		};
/* End PBXFrameworksBuildPhase section */

/* Begin PBXGroup section */
		146BBB482A17EEBE00A6C21A /* RecommendRoutine */ = {
			isa = PBXGroup;
			children = (
				146BBB492A17EEEB00A6C21A /* RecommendRoutineViewController.swift */,
			);
			path = RecommendRoutine;
			sourceTree = "<group>";
		};
		146BBB4B2A17F0AC00A6C21A /* TotalRecall */ = {
			isa = PBXGroup;
			children = (
				146BBB582A18E74E00A6C21A /* VC */,
				146BBB572A18E74400A6C21A /* Views */,
			);
			path = TotalRecall;
			sourceTree = "<group>";
		};
		146BBB572A18E74400A6C21A /* Views */ = {
			isa = PBXGroup;
			children = (
				146BBB532A18D6CF00A6C21A /* TotalRecallTableViewCell.swift */,
				146BBB592A18E79F00A6C21A /* TotalRecallHeaderView.swift */,
				144624F32A1BDC1F008EAE22 /* DatePickerControl.swift */,
			);
			path = Views;
			sourceTree = "<group>";
		};
		146BBB582A18E74E00A6C21A /* VC */ = {
			isa = PBXGroup;
			children = (
				146BBB4C2A17F0DF00A6C21A /* TotalRecallViewController.swift */,
				148675B42A1CDE630082D579 /* DatePickerViewController.swift */,
			);
			path = VC;
			sourceTree = "<group>";
		};
		148675BE2A1D0CEB0082D579 /* Foundation */ = {
			isa = PBXGroup;
			children = (
				148675BC2A1D0CBE0082D579 /* BaseResponse.swift */,
				148675BA2A1D0AFF0082D579 /* APIConstants.swift */,
				148675B82A1D0A9D0082D579 /* NetworkResult.swift */,
				148675BF2A1D0DC00082D579 /* BaseTargetType.swift */,
				148675C52A1D11010082D579 /* BaseAPI.swift */,
				148675C72A1D16C80082D579 /* AlamofireLogger.swift */,
			);
			path = Foundation;
			sourceTree = "<group>";
		};
		148675C92A1D1ABE0082D579 /* Router */ = {
			isa = PBXGroup;
			children = (
				148675CB2A1D1C5F0082D579 /* Routine */,
				148675CA2A1D1C3F0082D579 /* Retro */,
			);
			path = Router;
			sourceTree = "<group>";
		};
		148675CA2A1D1C3F0082D579 /* Retro */ = {
			isa = PBXGroup;
			children = (
				148675D12A1D23F30082D579 /* RetroRouter.swift */,
			);
			path = Retro;
			sourceTree = "<group>";
		};
		148675CB2A1D1C5F0082D579 /* Routine */ = {
			isa = PBXGroup;
			children = (
				6BFAF7E12A20B694007F7F6D /* RoutineRouter.swift */,
			);
			path = Routine;
			sourceTree = "<group>";
		};
		148675CC2A1D1C730082D579 /* Routine */ = {
			isa = PBXGroup;
			children = (
				6BFAF7E32A20B6BD007F7F6D /* RoutineAPI.swift */,
			);
			name = Routine;
			path = "MY-SOPT-IN-iOS/Network/API/Routine";
			sourceTree = "<group>";
		};
		148675CD2A1D1C780082D579 /* Retro */ = {
			isa = PBXGroup;
			children = (
				148675D32A1D29FF0082D579 /* RetroAPI.swift */,
			);
			path = Retro;
			sourceTree = "<group>";
		};
		148675CE2A1D1E430082D579 /* DTO */ = {
			isa = PBXGroup;
			children = (
				148675CF2A1D23980082D579 /* TotalRetroResponseDTO.swift */,
				6BFAF7E52A20B75F007F7F6D /* DateRoutineResponseDTO.swift */,
				25679F8B2A208AC80051F842 /* SingleRetroResponseDTO.swift */,
				25FE258F2A21199000A7C69F /* PutRetroRequestBody.swift */,
			);
			path = DTO;
			sourceTree = "<group>";
		};
		251030AA2A1C8C3900AD5292 /* VC */ = {
			isa = PBXGroup;
			children = (
				251030AF2A1C8C7B00AD5292 /* EditRecallViewController.swift */,
			);
			path = VC;
			sourceTree = "<group>";
		};
		25491B472A179AF300B16FA8 /* RecallPage */ = {
			isa = PBXGroup;
			children = (
				25491B482A179B0C00B16FA8 /* View */,
				251030AA2A1C8C3900AD5292 /* VC */,
			);
			path = RecallPage;
			sourceTree = "<group>";
		};
		25491B482A179B0C00B16FA8 /* View */ = {
			isa = PBXGroup;
			children = (
				251030AB2A1C8C4F00AD5292 /* RecallView.swift */,
				25679F852A1FB01C0051F842 /* RecallFooterView.swift */,
				25679F872A1FB0430051F842 /* RecallTableViewCell.swift */,
			);
			path = View;
			sourceTree = "<group>";
		};
		25491B512A17AE9E00B16FA8 /* Component */ = {
			isa = PBXGroup;
			children = (
				25491B4F2A17ADF800B16FA8 /* Customnavigationbar.swift */,
			);
			path = Component;
			sourceTree = "<group>";
		};
		6B27D7432A126B5A0033BB21 = {
			isa = PBXGroup;
			children = (
				6B27D74E2A126B5A0033BB21 /* MY-SOPT-IN-iOS */,
				6B27D74D2A126B5A0033BB21 /* Products */,
			);
			sourceTree = "<group>";
		};
		6B27D74D2A126B5A0033BB21 /* Products */ = {
			isa = PBXGroup;
			children = (
				6B27D74C2A126B5A0033BB21 /* MY-SOPT-IN-iOS.app */,
			);
			name = Products;
			sourceTree = "<group>";
		};
		6B27D74E2A126B5A0033BB21 /* MY-SOPT-IN-iOS */ = {
			isa = PBXGroup;
			children = (
				6B44E4802A126CD800E9CAF9 /* Application */,
				6B44E4812A126D0500E9CAF9 /* Network */,
				6B44E4852A126D3600E9CAF9 /* Global */,
				6B44E48A2A126DA300E9CAF9 /* Presentation */,
				6B27D75D2A126B5B0033BB21 /* Info.plist */,
			);
			path = "MY-SOPT-IN-iOS";
			sourceTree = "<group>";
		};
		6B44E4802A126CD800E9CAF9 /* Application */ = {
			isa = PBXGroup;
			children = (
				6B27D74F2A126B5A0033BB21 /* AppDelegate.swift */,
				6B27D7512A126B5A0033BB21 /* SceneDelegate.swift */,
				6B27D75A2A126B5B0033BB21 /* LaunchScreen.storyboard */,
			);
			path = Application;
			sourceTree = "<group>";
		};
		6B44E4812A126D0500E9CAF9 /* Network */ = {
			isa = PBXGroup;
			children = (
				148675CE2A1D1E430082D579 /* DTO */,
				148675C92A1D1ABE0082D579 /* Router */,
				148675BE2A1D0CEB0082D579 /* Foundation */,
				6B44E4822A126D0D00E9CAF9 /* API */,
				6B44E4832A126D1300E9CAF9 /* Config */,
			);
			path = Network;
			sourceTree = "<group>";
		};
		6B44E4822A126D0D00E9CAF9 /* API */ = {
			isa = PBXGroup;
			children = (
				148675CC2A1D1C730082D579 /* Routine */,
				148675CD2A1D1C780082D579 /* Retro */,
			);
			path = API;
			sourceTree = "<group>";
		};
		6B44E4832A126D1300E9CAF9 /* Config */ = {
			isa = PBXGroup;
			children = (
				148675B62A1D08A00082D579 /* Config.swift */,
			);
			path = Config;
			sourceTree = "<group>";
		};
		6B44E4852A126D3600E9CAF9 /* Global */ = {
			isa = PBXGroup;
			children = (
				6B44E48E2A126FCA00E9CAF9 /* Base */,
				6B44E4862A126D4100E9CAF9 /* Extension */,
				6B44E48C2A126E4900E9CAF9 /* Literal */,
				6B44E4872A126D4600E9CAF9 /* Resource */,
				6B44E4882A126D5900E9CAF9 /* Protocol */,
				6B44E48D2A126F8700E9CAF9 /* Utils */,
			);
			path = Global;
			sourceTree = "<group>";
		};
		6B44E4862A126D4100E9CAF9 /* Extension */ = {
			isa = PBXGroup;
			children = (
				6B44E49E2A12A72C00E9CAF9 /* UIStackView+.swift */,
				253BAE052A29C32200658ACE /* UIImage+.swift */,
				6B44E4A02A12A75400E9CAF9 /* UIView+.swift */,
				6B44E4A22A12A86300E9CAF9 /* UILabel+.swift */,
				6B44E4A42A12A8EB00E9CAF9 /* UITextField+.swift */,
				250DDF422A15AFC1008B8661 /* UIButton+.swift */,
				146BBB552A18DC5600A6C21A /* NSObject+.swift */,
			);
			path = Extension;
			sourceTree = "<group>";
		};
		6B44E4872A126D4600E9CAF9 /* Resource */ = {
			isa = PBXGroup;
			children = (
				6B27D7582A126B5B0033BB21 /* Assets.xcassets */,
				6B44E4892A126D8D00E9CAF9 /* Font */,
			);
			path = Resource;
			sourceTree = "<group>";
		};
		6B44E4882A126D5900E9CAF9 /* Protocol */ = {
			isa = PBXGroup;
			children = (
			);
			path = Protocol;
			sourceTree = "<group>";
		};
		6B44E4892A126D8D00E9CAF9 /* Font */ = {
			isa = PBXGroup;
			children = (
				6B44E4922A12732A00E9CAF9 /* Pretendard-Bold.ttf */,
				6B44E4942A12732A00E9CAF9 /* Pretendard-Regular.ttf */,
				6B44E4932A12732A00E9CAF9 /* Pretendard-ExtraBold.ttf */,
			);
			path = Font;
			sourceTree = "<group>";
		};
		6B44E48A2A126DA300E9CAF9 /* Presentation */ = {
			isa = PBXGroup;
			children = (
				25491B472A179AF300B16FA8 /* RecallPage */,
				146BBB4B2A17F0AC00A6C21A /* TotalRecall */,
				146BBB482A17EEBE00A6C21A /* RecommendRoutine */,
				6BAFCD222A136AC800994100 /* TabBar */,
				6B44E48F2A12707A00E9CAF9 /* MainPage */,
				25491B512A17AE9E00B16FA8 /* Component */,
			);
			path = Presentation;
			sourceTree = "<group>";
		};
		6B44E48C2A126E4900E9CAF9 /* Literal */ = {
			isa = PBXGroup;
			children = (
				6B44E4982A12743400E9CAF9 /* FontLiteral.swift */,
				6B44E49A2A1296A700E9CAF9 /* ColorLiteral.swift */,
				6B44E49C2A12A01D00E9CAF9 /* ImageLiteral.swift */,
				253BAE072A29CE4E00658ACE /* StringLiterals.swift */,
			);
			path = Literal;
			sourceTree = "<group>";
		};
		6B44E48D2A126F8700E9CAF9 /* Utils */ = {
			isa = PBXGroup;
			children = (
			);
			path = Utils;
			sourceTree = "<group>";
		};
		6B44E48E2A126FCA00E9CAF9 /* Base */ = {
			isa = PBXGroup;
			children = (
			);
			path = Base;
			sourceTree = "<group>";
		};
		6B44E48F2A12707A00E9CAF9 /* MainPage */ = {
			isa = PBXGroup;
			children = (
				6BF052E52A16BD8900893084 /* Model */,
				6B44E4912A1270A500E9CAF9 /* Views */,
				6B44E4902A12709E00E9CAF9 /* VC */,
			);
			path = MainPage;
			sourceTree = "<group>";
		};
		6B44E4902A12709E00E9CAF9 /* VC */ = {
			isa = PBXGroup;
			children = (
				250DDF562A169121008B8661 /* CustomAlertViewController.swift */,
				250C939E2A13A319005599DA /* BottomSheetViewController.swift */,
				250DDF472A15BA0C008B8661 /* EditRoutineViewController.swift */,
				250DDF492A15BA28008B8661 /* AddRoutineViewController.swift */,
				6B27D7532A126B5A0033BB21 /* MainPageViewController.swift */,
				6BAFCD2D2A1541CB00994100 /* MainPageRoutineViewController.swift */,
				6BAFCD2F2A15438F00994100 /* MainPageRecallViewController.swift */,
			);
			path = VC;
			sourceTree = "<group>";
		};
		6B44E4912A1270A500E9CAF9 /* Views */ = {
			isa = PBXGroup;
			children = (
				250DDF452A15B9B3008B8661 /* RoutineView.swift */,
				6BF052F02A17631E00893084 /* SelectDateCVC.swift */,
				250C93A02A13A4E0005599DA /* BottomSheetView.swift */,
				6BAFCD2B2A153C1300994100 /* MainPageTopBarView.swift */,
				6B8EC7F92A1B3B8000926510 /* SelectDateCollectionView.swift */,
				6B822EED2A17E2220080FB7C /* SelectDateHeaderFooter.swift */,
				6BF052E12A16B09700893084 /* MainPageRoutineTVC.swift */,
				6BF052EA2A173A6900893084 /* MainPageRoutineHeaderView.swift */,
				6BDE9A5B2A19C71700416719 /* MainPageRoutineBorderView.swift */,
				6B8EC7FB2A1CB44400926510 /* MainPageRecallHeaderView.swift */,
			);
			path = Views;
			sourceTree = "<group>";
		};
		6BAFCD222A136AC800994100 /* TabBar */ = {
			isa = PBXGroup;
			children = (
				6BAFCD232A136B0D00994100 /* TabBarController.swift */,
			);
			path = TabBar;
			sourceTree = "<group>";
		};
		6BF052E52A16BD8900893084 /* Model */ = {
			isa = PBXGroup;
			children = (
				6BF052E82A16BE3400893084 /* Routine.swift */,
				6B822EEB2A17A5650080FB7C /* MyDates.swift */,
			);
			path = Model;
			sourceTree = "<group>";
		};
/* End PBXGroup section */

/* Begin PBXNativeTarget section */
		6B27D74B2A126B5A0033BB21 /* MY-SOPT-IN-iOS */ = {
			isa = PBXNativeTarget;
			buildConfigurationList = 6B27D7602A126B5B0033BB21 /* Build configuration list for PBXNativeTarget "MY-SOPT-IN-iOS" */;
			buildPhases = (
				6B27D7482A126B5A0033BB21 /* Sources */,
				6B27D7492A126B5A0033BB21 /* Frameworks */,
				6B27D74A2A126B5A0033BB21 /* Resources */,
			);
			buildRules = (
			);
			dependencies = (
			);
			name = "MY-SOPT-IN-iOS";
			packageProductDependencies = (
				6B44E4AA2A12AACF00E9CAF9 /* SnapKit */,
				6B44E4AD2A12AAED00E9CAF9 /* Then */,
				148675C22A1D0DDF0082D579 /* Alamofire */,
			);
			productName = "MY-SOPT-IN-iOS";
			productReference = 6B27D74C2A126B5A0033BB21 /* MY-SOPT-IN-iOS.app */;
			productType = "com.apple.product-type.application";
		};
/* End PBXNativeTarget section */

/* Begin PBXProject section */
		6B27D7442A126B5A0033BB21 /* Project object */ = {
			isa = PBXProject;
			attributes = {
				BuildIndependentTargetsInParallel = 1;
				LastSwiftUpdateCheck = 1420;
				LastUpgradeCheck = 1420;
				TargetAttributes = {
					6B27D74B2A126B5A0033BB21 = {
						CreatedOnToolsVersion = 14.2;
					};
				};
			};
			buildConfigurationList = 6B27D7472A126B5A0033BB21 /* Build configuration list for PBXProject "MY-SOPT-IN-iOS" */;
			compatibilityVersion = "Xcode 14.0";
			developmentRegion = en;
			hasScannedForEncodings = 0;
			knownRegions = (
				en,
				Base,
			);
			mainGroup = 6B27D7432A126B5A0033BB21;
			packageReferences = (
				6B44E4A92A12AACF00E9CAF9 /* XCRemoteSwiftPackageReference "SnapKit" */,
				6B44E4AC2A12AAED00E9CAF9 /* XCRemoteSwiftPackageReference "Then" */,
				148675C12A1D0DDF0082D579 /* XCRemoteSwiftPackageReference "Alamofire" */,
			);
			productRefGroup = 6B27D74D2A126B5A0033BB21 /* Products */;
			projectDirPath = "";
			projectRoot = "";
			targets = (
				6B27D74B2A126B5A0033BB21 /* MY-SOPT-IN-iOS */,
			);
		};
/* End PBXProject section */

/* Begin PBXResourcesBuildPhase section */
		6B27D74A2A126B5A0033BB21 /* Resources */ = {
			isa = PBXResourcesBuildPhase;
			buildActionMask = 2147483647;
			files = (
				6B27D75C2A126B5B0033BB21 /* LaunchScreen.storyboard in Resources */,
				6B44E4952A12732A00E9CAF9 /* Pretendard-Bold.ttf in Resources */,
				6B44E4972A12732A00E9CAF9 /* Pretendard-Regular.ttf in Resources */,
				6B27D7592A126B5B0033BB21 /* Assets.xcassets in Resources */,
				6B44E4962A12732A00E9CAF9 /* Pretendard-ExtraBold.ttf in Resources */,
			);
			runOnlyForDeploymentPostprocessing = 0;
		};
/* End PBXResourcesBuildPhase section */

/* Begin PBXSourcesBuildPhase section */
		6B27D7482A126B5A0033BB21 /* Sources */ = {
			isa = PBXSourcesBuildPhase;
			buildActionMask = 2147483647;
			files = (
				6B44E4A32A12A86300E9CAF9 /* UILabel+.swift in Sources */,
				250DDF432A15AFC1008B8661 /* UIButton+.swift in Sources */,
				250DDF572A169122008B8661 /* CustomAlertViewController.swift in Sources */,
				148675D42A1D29FF0082D579 /* RetroAPI.swift in Sources */,
				6B822EEE2A17E2220080FB7C /* SelectDateHeaderFooter.swift in Sources */,
				253BAE062A29C32200658ACE /* UIImage+.swift in Sources */,
				148675B52A1CDE630082D579 /* DatePickerViewController.swift in Sources */,
				25679F882A1FB0430051F842 /* RecallTableViewCell.swift in Sources */,
				6BAFCD302A15438F00994100 /* MainPageRecallViewController.swift in Sources */,
				6B44E4A52A12A8EB00E9CAF9 /* UITextField+.swift in Sources */,
				6B8EC7FC2A1CB44400926510 /* MainPageRecallHeaderView.swift in Sources */,
				146BBB542A18D6CF00A6C21A /* TotalRecallTableViewCell.swift in Sources */,
				6BF052E92A16BE3400893084 /* Routine.swift in Sources */,
				146BBB4D2A17F0DF00A6C21A /* TotalRecallViewController.swift in Sources */,
				6BAFCD242A136B0D00994100 /* TabBarController.swift in Sources */,
				6B44E49F2A12A72C00E9CAF9 /* UIStackView+.swift in Sources */,
				250DDF482A15BA0C008B8661 /* EditRoutineViewController.swift in Sources */,
				25FE25902A21199000A7C69F /* PutRetroRequestBody.swift in Sources */,
				6B8EC7FA2A1B3B8000926510 /* SelectDateCollectionView.swift in Sources */,
				144624F42A1BDC1F008EAE22 /* DatePickerControl.swift in Sources */,
				148675BD2A1D0CBE0082D579 /* BaseResponse.swift in Sources */,
				6BAFCD2C2A153C1300994100 /* MainPageTopBarView.swift in Sources */,
				6B44E4992A12743400E9CAF9 /* FontLiteral.swift in Sources */,
				6BF052EB2A173A6900893084 /* MainPageRoutineHeaderView.swift in Sources */,
				6B44E49D2A12A01D00E9CAF9 /* ImageLiteral.swift in Sources */,
				6BFAF7E22A20B694007F7F6D /* RoutineRouter.swift in Sources */,
				146BBB562A18DC5600A6C21A /* NSObject+.swift in Sources */,
				25679F8C2A208AC80051F842 /* SingleRetroResponseDTO.swift in Sources */,
				6BF052E22A16B09700893084 /* MainPageRoutineTVC.swift in Sources */,
				253BAE082A29CE4E00658ACE /* StringLiterals.swift in Sources */,
				6B822EEC2A17A5650080FB7C /* MyDates.swift in Sources */,
				148675C62A1D11020082D579 /* BaseAPI.swift in Sources */,
				251030B02A1C8C7B00AD5292 /* EditRecallViewController.swift in Sources */,
				148675B92A1D0A9D0082D579 /* NetworkResult.swift in Sources */,
				6B27D7542A126B5A0033BB21 /* MainPageViewController.swift in Sources */,
				250C939F2A13A319005599DA /* BottomSheetViewController.swift in Sources */,
				148675D22A1D23F30082D579 /* RetroRouter.swift in Sources */,
				250C93A12A13A4E0005599DA /* BottomSheetView.swift in Sources */,
				6BFAF7E42A20B6BD007F7F6D /* RoutineAPI.swift in Sources */,
				146BBB5A2A18E7A000A6C21A /* TotalRecallHeaderView.swift in Sources */,
				148675BB2A1D0AFF0082D579 /* APIConstants.swift in Sources */,
				6B44E4A12A12A75400E9CAF9 /* UIView+.swift in Sources */,
				6B27D7502A126B5A0033BB21 /* AppDelegate.swift in Sources */,
				250DDF462A15B9B3008B8661 /* RoutineView.swift in Sources */,
				6B27D7522A126B5A0033BB21 /* SceneDelegate.swift in Sources */,
				146BBB4A2A17EEEB00A6C21A /* RecommendRoutineViewController.swift in Sources */,
				6B44E49B2A1296A700E9CAF9 /* ColorLiteral.swift in Sources */,
				25679F862A1FB01C0051F842 /* RecallFooterView.swift in Sources */,
				148675D02A1D23980082D579 /* TotalRetroResponseDTO.swift in Sources */,
				251030AC2A1C8C4F00AD5292 /* RecallView.swift in Sources */,
				148675B72A1D08A00082D579 /* Config.swift in Sources */,
				6BFAF7E62A20B75F007F7F6D /* DateRoutineResponseDTO.swift in Sources */,
				250DDF4A2A15BA28008B8661 /* AddRoutineViewController.swift in Sources */,
				148675C82A1D16C80082D579 /* AlamofireLogger.swift in Sources */,
				148675C02A1D0DC00082D579 /* BaseTargetType.swift in Sources */,
				6BDE9A5C2A19C71700416719 /* MainPageRoutineBorderView.swift in Sources */,
				25491B502A17ADF800B16FA8 /* Customnavigationbar.swift in Sources */,
				6BAFCD2E2A1541CB00994100 /* MainPageRoutineViewController.swift in Sources */,
				6BF052F12A17631E00893084 /* SelectDateCVC.swift in Sources */,
			);
			runOnlyForDeploymentPostprocessing = 0;
		};
/* End PBXSourcesBuildPhase section */

/* Begin PBXVariantGroup section */
		6B27D75A2A126B5B0033BB21 /* LaunchScreen.storyboard */ = {
			isa = PBXVariantGroup;
			children = (
				6B27D75B2A126B5B0033BB21 /* Base */,
			);
			name = LaunchScreen.storyboard;
			sourceTree = "<group>";
		};
/* End PBXVariantGroup section */

/* Begin XCBuildConfiguration section */
		6B27D75E2A126B5B0033BB21 /* Debug */ = {
			isa = XCBuildConfiguration;
			buildSettings = {
				ALWAYS_SEARCH_USER_PATHS = NO;
				BASE_URL = "http://43.201.9.136:8080";
				CLANG_ANALYZER_NONNULL = YES;
				CLANG_ANALYZER_NUMBER_OBJECT_CONVERSION = YES_AGGRESSIVE;
				CLANG_CXX_LANGUAGE_STANDARD = "gnu++20";
				CLANG_ENABLE_MODULES = YES;
				CLANG_ENABLE_OBJC_ARC = YES;
				CLANG_ENABLE_OBJC_WEAK = YES;
				CLANG_WARN_BLOCK_CAPTURE_AUTORELEASING = YES;
				CLANG_WARN_BOOL_CONVERSION = YES;
				CLANG_WARN_COMMA = YES;
				CLANG_WARN_CONSTANT_CONVERSION = YES;
				CLANG_WARN_DEPRECATED_OBJC_IMPLEMENTATIONS = YES;
				CLANG_WARN_DIRECT_OBJC_ISA_USAGE = YES_ERROR;
				CLANG_WARN_DOCUMENTATION_COMMENTS = YES;
				CLANG_WARN_EMPTY_BODY = YES;
				CLANG_WARN_ENUM_CONVERSION = YES;
				CLANG_WARN_INFINITE_RECURSION = YES;
				CLANG_WARN_INT_CONVERSION = YES;
				CLANG_WARN_NON_LITERAL_NULL_CONVERSION = YES;
				CLANG_WARN_OBJC_IMPLICIT_RETAIN_SELF = YES;
				CLANG_WARN_OBJC_LITERAL_CONVERSION = YES;
				CLANG_WARN_OBJC_ROOT_CLASS = YES_ERROR;
				CLANG_WARN_QUOTED_INCLUDE_IN_FRAMEWORK_HEADER = YES;
				CLANG_WARN_RANGE_LOOP_ANALYSIS = YES;
				CLANG_WARN_STRICT_PROTOTYPES = YES;
				CLANG_WARN_SUSPICIOUS_MOVE = YES;
				CLANG_WARN_UNGUARDED_AVAILABILITY = YES_AGGRESSIVE;
				CLANG_WARN_UNREACHABLE_CODE = YES;
				CLANG_WARN__DUPLICATE_METHOD_MATCH = YES;
				COPY_PHASE_STRIP = NO;
				DEBUG_INFORMATION_FORMAT = dwarf;
				ENABLE_STRICT_OBJC_MSGSEND = YES;
				ENABLE_TESTABILITY = YES;
				GCC_C_LANGUAGE_STANDARD = gnu11;
				GCC_DYNAMIC_NO_PIC = NO;
				GCC_NO_COMMON_BLOCKS = YES;
				GCC_OPTIMIZATION_LEVEL = 0;
				GCC_PREPROCESSOR_DEFINITIONS = (
					"DEBUG=1",
					"$(inherited)",
				);
				GCC_WARN_64_TO_32_BIT_CONVERSION = YES;
				GCC_WARN_ABOUT_RETURN_TYPE = YES_ERROR;
				GCC_WARN_UNDECLARED_SELECTOR = YES;
				GCC_WARN_UNINITIALIZED_AUTOS = YES_AGGRESSIVE;
				GCC_WARN_UNUSED_FUNCTION = YES;
				GCC_WARN_UNUSED_VARIABLE = YES;
				IPHONEOS_DEPLOYMENT_TARGET = 16.2;
				MTL_ENABLE_DEBUG_INFO = INCLUDE_SOURCE;
				MTL_FAST_MATH = YES;
				ONLY_ACTIVE_ARCH = YES;
				SDKROOT = iphoneos;
				SWIFT_ACTIVE_COMPILATION_CONDITIONS = DEBUG;
				SWIFT_OPTIMIZATION_LEVEL = "-Onone";
			};
			name = Debug;
		};
		6B27D75F2A126B5B0033BB21 /* Release */ = {
			isa = XCBuildConfiguration;
			buildSettings = {
				ALWAYS_SEARCH_USER_PATHS = NO;
				BASE_URL = "http://43.201.9.136:8080";
				CLANG_ANALYZER_NONNULL = YES;
				CLANG_ANALYZER_NUMBER_OBJECT_CONVERSION = YES_AGGRESSIVE;
				CLANG_CXX_LANGUAGE_STANDARD = "gnu++20";
				CLANG_ENABLE_MODULES = YES;
				CLANG_ENABLE_OBJC_ARC = YES;
				CLANG_ENABLE_OBJC_WEAK = YES;
				CLANG_WARN_BLOCK_CAPTURE_AUTORELEASING = YES;
				CLANG_WARN_BOOL_CONVERSION = YES;
				CLANG_WARN_COMMA = YES;
				CLANG_WARN_CONSTANT_CONVERSION = YES;
				CLANG_WARN_DEPRECATED_OBJC_IMPLEMENTATIONS = YES;
				CLANG_WARN_DIRECT_OBJC_ISA_USAGE = YES_ERROR;
				CLANG_WARN_DOCUMENTATION_COMMENTS = YES;
				CLANG_WARN_EMPTY_BODY = YES;
				CLANG_WARN_ENUM_CONVERSION = YES;
				CLANG_WARN_INFINITE_RECURSION = YES;
				CLANG_WARN_INT_CONVERSION = YES;
				CLANG_WARN_NON_LITERAL_NULL_CONVERSION = YES;
				CLANG_WARN_OBJC_IMPLICIT_RETAIN_SELF = YES;
				CLANG_WARN_OBJC_LITERAL_CONVERSION = YES;
				CLANG_WARN_OBJC_ROOT_CLASS = YES_ERROR;
				CLANG_WARN_QUOTED_INCLUDE_IN_FRAMEWORK_HEADER = YES;
				CLANG_WARN_RANGE_LOOP_ANALYSIS = YES;
				CLANG_WARN_STRICT_PROTOTYPES = YES;
				CLANG_WARN_SUSPICIOUS_MOVE = YES;
				CLANG_WARN_UNGUARDED_AVAILABILITY = YES_AGGRESSIVE;
				CLANG_WARN_UNREACHABLE_CODE = YES;
				CLANG_WARN__DUPLICATE_METHOD_MATCH = YES;
				COPY_PHASE_STRIP = NO;
				DEBUG_INFORMATION_FORMAT = "dwarf-with-dsym";
				ENABLE_NS_ASSERTIONS = NO;
				ENABLE_STRICT_OBJC_MSGSEND = YES;
				GCC_C_LANGUAGE_STANDARD = gnu11;
				GCC_NO_COMMON_BLOCKS = YES;
				GCC_WARN_64_TO_32_BIT_CONVERSION = YES;
				GCC_WARN_ABOUT_RETURN_TYPE = YES_ERROR;
				GCC_WARN_UNDECLARED_SELECTOR = YES;
				GCC_WARN_UNINITIALIZED_AUTOS = YES_AGGRESSIVE;
				GCC_WARN_UNUSED_FUNCTION = YES;
				GCC_WARN_UNUSED_VARIABLE = YES;
				IPHONEOS_DEPLOYMENT_TARGET = 16.2;
				MTL_ENABLE_DEBUG_INFO = NO;
				MTL_FAST_MATH = YES;
				SDKROOT = iphoneos;
				SWIFT_COMPILATION_MODE = wholemodule;
				SWIFT_OPTIMIZATION_LEVEL = "-O";
				VALIDATE_PRODUCT = YES;
			};
			name = Release;
		};
		6B27D7612A126B5B0033BB21 /* Debug */ = {
			isa = XCBuildConfiguration;
			buildSettings = {
				ASSETCATALOG_COMPILER_APPICON_NAME = AppIcon;
				ASSETCATALOG_COMPILER_GLOBAL_ACCENT_COLOR_NAME = AccentColor;
				BASE_URL = "http://43.202.44.53:8080";
				CODE_SIGN_STYLE = Automatic;
				CURRENT_PROJECT_VERSION = 1;
				DEVELOPMENT_TEAM = 6ML57N96S3;
				GENERATE_INFOPLIST_FILE = YES;
				INFOPLIST_FILE = "MY-SOPT-IN-iOS/Info.plist";
				INFOPLIST_KEY_UIApplicationSupportsIndirectInputEvents = YES;
				INFOPLIST_KEY_UILaunchStoryboardName = LaunchScreen;
				INFOPLIST_KEY_UISupportedInterfaceOrientations_iPad = "UIInterfaceOrientationPortrait UIInterfaceOrientationPortraitUpsideDown UIInterfaceOrientationLandscapeLeft UIInterfaceOrientationLandscapeRight";
				INFOPLIST_KEY_UISupportedInterfaceOrientations_iPhone = "UIInterfaceOrientationPortrait UIInterfaceOrientationLandscapeLeft UIInterfaceOrientationLandscapeRight";
				LD_RUNPATH_SEARCH_PATHS = (
					"$(inherited)",
					"@executable_path/Frameworks",
				);
				MARKETING_VERSION = 1.0;
				PRODUCT_BUNDLE_IDENTIFIER = "yeah.MY-SOPT-IN-iOS";
				PRODUCT_NAME = "$(TARGET_NAME)";
				SWIFT_EMIT_LOC_STRINGS = YES;
				SWIFT_VERSION = 5.0;
				TARGETED_DEVICE_FAMILY = "1,2";
			};
			name = Debug;
		};
		6B27D7622A126B5B0033BB21 /* Release */ = {
			isa = XCBuildConfiguration;
			buildSettings = {
				ASSETCATALOG_COMPILER_APPICON_NAME = AppIcon;
				ASSETCATALOG_COMPILER_GLOBAL_ACCENT_COLOR_NAME = AccentColor;
				BASE_URL = "http://43.202.44.53:8080";
				CODE_SIGN_STYLE = Automatic;
				CURRENT_PROJECT_VERSION = 1;
				DEVELOPMENT_TEAM = 6ML57N96S3;
				GENERATE_INFOPLIST_FILE = YES;
				INFOPLIST_FILE = "MY-SOPT-IN-iOS/Info.plist";
				INFOPLIST_KEY_UIApplicationSupportsIndirectInputEvents = YES;
				INFOPLIST_KEY_UILaunchStoryboardName = LaunchScreen;
				INFOPLIST_KEY_UISupportedInterfaceOrientations_iPad = "UIInterfaceOrientationPortrait UIInterfaceOrientationPortraitUpsideDown UIInterfaceOrientationLandscapeLeft UIInterfaceOrientationLandscapeRight";
				INFOPLIST_KEY_UISupportedInterfaceOrientations_iPhone = "UIInterfaceOrientationPortrait UIInterfaceOrientationLandscapeLeft UIInterfaceOrientationLandscapeRight";
				LD_RUNPATH_SEARCH_PATHS = (
					"$(inherited)",
					"@executable_path/Frameworks",
				);
				MARKETING_VERSION = 1.0;
				PRODUCT_BUNDLE_IDENTIFIER = "yeah.MY-SOPT-IN-iOS";
				PRODUCT_NAME = "$(TARGET_NAME)";
				SWIFT_EMIT_LOC_STRINGS = YES;
				SWIFT_VERSION = 5.0;
				TARGETED_DEVICE_FAMILY = "1,2";
			};
			name = Release;
		};
/* End XCBuildConfiguration section */

/* Begin XCConfigurationList section */
		6B27D7472A126B5A0033BB21 /* Build configuration list for PBXProject "MY-SOPT-IN-iOS" */ = {
			isa = XCConfigurationList;
			buildConfigurations = (
				6B27D75E2A126B5B0033BB21 /* Debug */,
				6B27D75F2A126B5B0033BB21 /* Release */,
			);
			defaultConfigurationIsVisible = 0;
			defaultConfigurationName = Release;
		};
		6B27D7602A126B5B0033BB21 /* Build configuration list for PBXNativeTarget "MY-SOPT-IN-iOS" */ = {
			isa = XCConfigurationList;
			buildConfigurations = (
				6B27D7612A126B5B0033BB21 /* Debug */,
				6B27D7622A126B5B0033BB21 /* Release */,
			);
			defaultConfigurationIsVisible = 0;
			defaultConfigurationName = Release;
		};
/* End XCConfigurationList section */

/* Begin XCRemoteSwiftPackageReference section */
		148675C12A1D0DDF0082D579 /* XCRemoteSwiftPackageReference "Alamofire" */ = {
			isa = XCRemoteSwiftPackageReference;
			repositoryURL = "https://github.com/Alamofire/Alamofire";
			requirement = {
				branch = master;
				kind = branch;
			};
		};
		6B44E4A92A12AACF00E9CAF9 /* XCRemoteSwiftPackageReference "SnapKit" */ = {
			isa = XCRemoteSwiftPackageReference;
			repositoryURL = "https://github.com/SnapKit/SnapKit.git";
			requirement = {
				kind = upToNextMajorVersion;
				minimumVersion = 5.0.0;
			};
		};
		6B44E4AC2A12AAED00E9CAF9 /* XCRemoteSwiftPackageReference "Then" */ = {
			isa = XCRemoteSwiftPackageReference;
			repositoryURL = "https://github.com/devxoul/Then.git";
			requirement = {
				kind = upToNextMajorVersion;
				minimumVersion = 3.0.0;
			};
		};
/* End XCRemoteSwiftPackageReference section */

/* Begin XCSwiftPackageProductDependency section */
		148675C22A1D0DDF0082D579 /* Alamofire */ = {
			isa = XCSwiftPackageProductDependency;
			package = 148675C12A1D0DDF0082D579 /* XCRemoteSwiftPackageReference "Alamofire" */;
			productName = Alamofire;
		};
		6B44E4AA2A12AACF00E9CAF9 /* SnapKit */ = {
			isa = XCSwiftPackageProductDependency;
			package = 6B44E4A92A12AACF00E9CAF9 /* XCRemoteSwiftPackageReference "SnapKit" */;
			productName = SnapKit;
		};
		6B44E4AD2A12AAED00E9CAF9 /* Then */ = {
			isa = XCSwiftPackageProductDependency;
			package = 6B44E4AC2A12AAED00E9CAF9 /* XCRemoteSwiftPackageReference "Then" */;
			productName = Then;
		};
/* End XCSwiftPackageProductDependency section */
	};
	rootObject = 6B27D7442A126B5A0033BB21 /* Project object */;
}
